// !$*UTF8*$!
{
	archiveVersion = 1;
	classes = {
	};
	objectVersion = 77;
	objects = {

/* Begin PBXBuildFile section */
		181D0D012E42355600D357A6 /* SiriWaveView in Frameworks */ = {isa = PBXBuildFile; productRef = 181D0D002E42355600D357A6 /* SiriWaveView */; };
		186E2F922EA690DF00B19EDF /* SiriWaveView in Frameworks */ = {isa = PBXBuildFile; productRef = 186E2F912EA690DF00B19EDF /* SiriWaveView */; };
		189C7A952F0C6822004BAFBF /* ShareExtension.appex in Embed Foundation Extensions */ = {isa = PBXBuildFile; fileRef = 189C7A8B2F0C6822004BAFBF /* ShareExtension.appex */; settings = {ATTRIBUTES = (RemoveHeadersOnCopy, ); }; };
		189C7AA72F0D4A6E004BAFBF /* FluidAudio in Frameworks */ = {isa = PBXBuildFile; productRef = 189C7AA62F0D4A6E004BAFBF /* FluidAudio */; };
		189C7AB02F0D84E2004BAFBF /* UniformTypeIdentifiers.framework in Frameworks */ = {isa = PBXBuildFile; fileRef = 189C7AAF2F0D84E2004BAFBF /* UniformTypeIdentifiers.framework */; };
		189C7ABC2F0D84E2004BAFBF /* ActionExtension.appex in Embed Foundation Extensions */ = {isa = PBXBuildFile; fileRef = 189C7AAE2F0D84E2004BAFBF /* ActionExtension.appex */; settings = {ATTRIBUTES = (RemoveHeadersOnCopy, ); }; };
		189C7ACF2F0D8749004BAFBF /* FluidAudio in Frameworks */ = {isa = PBXBuildFile; productRef = 189C7ACE2F0D8749004BAFBF /* FluidAudio */; };
		18B497E52F26822400538830 /* Settings.bundle in Resources */ = {isa = PBXBuildFile; fileRef = 18B497E42F26822400538830 /* Settings.bundle */; };
		18B497E62F26822400538830 /* Settings.bundle in Resources */ = {isa = PBXBuildFile; fileRef = 18B497E42F26822400538830 /* Settings.bundle */; };
		18B497F02F268B2700538830 /* FirebaseAnalytics in Frameworks */ = {isa = PBXBuildFile; productRef = 18B497EF2F268B2700538830 /* FirebaseAnalytics */; };
		18B497F22F268B2700538830 /* FirebaseCrashlytics in Frameworks */ = {isa = PBXBuildFile; productRef = 18B497F12F268B2700538830 /* FirebaseCrashlytics */; };
		18BA24132F7ED0D700C4F68B /* VivaDictaWatch Watch App.app in Embed Watch Content */ = {isa = PBXBuildFile; fileRef = 18BA23F32F7ED0D500C4F68B /* VivaDictaWatch Watch App.app */; settings = {ATTRIBUTES = (RemoveHeadersOnCopy, ); }; };
		18BA29262F7F29FD00C4F68B /* WidgetKit.framework in Frameworks */ = {isa = PBXBuildFile; fileRef = 18E1C7FB2E8E793E00BE8A11 /* WidgetKit.framework */; };
		18BA29272F7F29FD00C4F68B /* SwiftUI.framework in Frameworks */ = {isa = PBXBuildFile; fileRef = 18E1C7FD2E8E793E00BE8A11 /* SwiftUI.framework */; };
		18BA29362F7F29FE00C4F68B /* VivaDictaWatchWidgetExtension.appex in Embed Foundation Extensions */ = {isa = PBXBuildFile; fileRef = 18BA29252F7F29FD00C4F68B /* VivaDictaWatchWidgetExtension.appex */; settings = {ATTRIBUTES = (RemoveHeadersOnCopy, ); }; };
		18E1B4A52E8C6FF400BE8A11 /* VivaDictaKeyboard.appex in Embed Foundation Extensions */ = {isa = PBXBuildFile; fileRef = 18E1B49E2E8C6FF400BE8A11 /* VivaDictaKeyboard.appex */; settings = {ATTRIBUTES = (RemoveHeadersOnCopy, ); }; };
		18E1B4AD2E8C875000BE8A11 /* KeyboardKit in Frameworks */ = {isa = PBXBuildFile; productRef = 18E1B4AC2E8C875000BE8A11 /* KeyboardKit */; };
		18E1B4AF2E8C875A00BE8A11 /* KeyboardKit in Frameworks */ = {isa = PBXBuildFile; productRef = 18E1B4AE2E8C875A00BE8A11 /* KeyboardKit */; };
		18E1C7FC2E8E793E00BE8A11 /* WidgetKit.framework in Frameworks */ = {isa = PBXBuildFile; fileRef = 18E1C7FB2E8E793E00BE8A11 /* WidgetKit.framework */; };
		18E1C7FE2E8E793E00BE8A11 /* SwiftUI.framework in Frameworks */ = {isa = PBXBuildFile; fileRef = 18E1C7FD2E8E793E00BE8A11 /* SwiftUI.framework */; };
		18E1C80F2E8E793F00BE8A11 /* VivaDictaWidgetExtension.appex in Embed Foundation Extensions */ = {isa = PBXBuildFile; fileRef = 18E1C7FA2E8E793E00BE8A11 /* VivaDictaWidgetExtension.appex */; settings = {ATTRIBUTES = (RemoveHeadersOnCopy, ); }; };
		18E328F72E894C3D0026327D /* WhisperKit in Frameworks */ = {isa = PBXBuildFile; productRef = 18E328F62E894C3D0026327D /* WhisperKit */; };
		18EBD6B32ED1FBFB00C0041E /* FluidAudio in Frameworks */ = {isa = PBXBuildFile; productRef = 18EBD6B22ED1FBFB00C0041E /* FluidAudio */; };
		18EBD7992ED1FCC600C0041E /* FluidAudio in Frameworks */ = {isa = PBXBuildFile; productRef = 18EBD7982ED1FCC600C0041E /* FluidAudio */; };
/* End PBXBuildFile section */

/* Begin PBXContainerItemProxy section */
		18351E5B2E634FF000944940 /* PBXContainerItemProxy */ = {
			isa = PBXContainerItemProxy;
			containerPortal = 181D04CF2E3E55E400D357A6 /* Project object */;
			proxyType = 1;
			remoteGlobalIDString = 181D04D62E3E55E400D357A6;
			remoteInfo = VivaDicta;
		};
		189C7A932F0C6822004BAFBF /* PBXContainerItemProxy */ = {
			isa = PBXContainerItemProxy;
			containerPortal = 181D04CF2E3E55E400D357A6 /* Project object */;
			proxyType = 1;
			remoteGlobalIDString = 189C7A8A2F0C6822004BAFBF;
			remoteInfo = ShareExtension;
		};
		189C7ABA2F0D84E2004BAFBF /* PBXContainerItemProxy */ = {
			isa = PBXContainerItemProxy;
			containerPortal = 181D04CF2E3E55E400D357A6 /* Project object */;
			proxyType = 1;
			remoteGlobalIDString = 189C7AAD2F0D84E2004BAFBF;
			remoteInfo = ActionExtension;
		};
		18BA24002F7ED0D700C4F68B /* PBXContainerItemProxy */ = {
			isa = PBXContainerItemProxy;
			containerPortal = 181D04CF2E3E55E400D357A6 /* Project object */;
			proxyType = 1;
			remoteGlobalIDString = 18BA23F22F7ED0D500C4F68B;
			remoteInfo = "VivaDictaWatch Watch App";
		};
		18BA240A2F7ED0D700C4F68B /* PBXContainerItemProxy */ = {
			isa = PBXContainerItemProxy;
			containerPortal = 181D04CF2E3E55E400D357A6 /* Project object */;
			proxyType = 1;
			remoteGlobalIDString = 18BA23F22F7ED0D500C4F68B;
			remoteInfo = "VivaDictaWatch Watch App";
		};
		18BA24112F7ED0D700C4F68B /* PBXContainerItemProxy */ = {
			isa = PBXContainerItemProxy;
			containerPortal = 181D04CF2E3E55E400D357A6 /* Project object */;
			proxyType = 1;
			remoteGlobalIDString = 18BA23F22F7ED0D500C4F68B;
			remoteInfo = "VivaDictaWatch Watch App";
		};
		18BA29342F7F29FE00C4F68B /* PBXContainerItemProxy */ = {
			isa = PBXContainerItemProxy;
			containerPortal = 181D04CF2E3E55E400D357A6 /* Project object */;
			proxyType = 1;
			remoteGlobalIDString = 18BA29242F7F29FD00C4F68B;
			remoteInfo = VivaDictaWatchWidgetExtension;
		};
		18E1B4A32E8C6FF400BE8A11 /* PBXContainerItemProxy */ = {
			isa = PBXContainerItemProxy;
			containerPortal = 181D04CF2E3E55E400D357A6 /* Project object */;
			proxyType = 1;
			remoteGlobalIDString = 18E1B49D2E8C6FF400BE8A11;
			remoteInfo = VivaDictaKeyboard;
		};
		18E1C80D2E8E793F00BE8A11 /* PBXContainerItemProxy */ = {
			isa = PBXContainerItemProxy;
			containerPortal = 181D04CF2E3E55E400D357A6 /* Project object */;
			proxyType = 1;
			remoteGlobalIDString = 18E1C7F92E8E793E00BE8A11;
			remoteInfo = VivaDictaWidgetExtension;
		};
/* End PBXContainerItemProxy section */

/* Begin PBXCopyFilesBuildPhase section */
		180E1D6C2E4A994800AE33B1 /* Embed Frameworks */ = {
			isa = PBXCopyFilesBuildPhase;
			buildActionMask = 2147483647;
			dstPath = "";
			dstSubfolderSpec = 10;
			files = (
			);
			name = "Embed Frameworks";
			runOnlyForDeploymentPostprocessing = 0;
		};
		18BA24142F7ED0D700C4F68B /* Embed Watch Content */ = {
			isa = PBXCopyFilesBuildPhase;
			buildActionMask = 2147483647;
			dstPath = "$(CONTENTS_FOLDER_PATH)/Watch";
			dstSubfolderSpec = 16;
			files = (
				18BA24132F7ED0D700C4F68B /* VivaDictaWatch Watch App.app in Embed Watch Content */,
			);
			name = "Embed Watch Content";
			runOnlyForDeploymentPostprocessing = 0;
		};
		18BA293C2F7F29FE00C4F68B /* Embed Foundation Extensions */ = {
			isa = PBXCopyFilesBuildPhase;
			buildActionMask = 2147483647;
			dstPath = "";
			dstSubfolderSpec = 13;
			files = (
				18BA29362F7F29FE00C4F68B /* VivaDictaWatchWidgetExtension.appex in Embed Foundation Extensions */,
			);
			name = "Embed Foundation Extensions";
			runOnlyForDeploymentPostprocessing = 0;
		};
		18E1B4AA2E8C6FF400BE8A11 /* Embed Foundation Extensions */ = {
			isa = PBXCopyFilesBuildPhase;
			buildActionMask = 2147483647;
			dstPath = "";
			dstSubfolderSpec = 13;
			files = (
				189C7ABC2F0D84E2004BAFBF /* ActionExtension.appex in Embed Foundation Extensions */,
				189C7A952F0C6822004BAFBF /* ShareExtension.appex in Embed Foundation Extensions */,
				18E1C80F2E8E793F00BE8A11 /* VivaDictaWidgetExtension.appex in Embed Foundation Extensions */,
				18E1B4A52E8C6FF400BE8A11 /* VivaDictaKeyboard.appex in Embed Foundation Extensions */,
			);
			name = "Embed Foundation Extensions";
			runOnlyForDeploymentPostprocessing = 0;
		};
/* End PBXCopyFilesBuildPhase section */

/* Begin PBXFileReference section */
		181D04D72E3E55E400D357A6 /* VivaDicta.app */ = {isa = PBXFileReference; explicitFileType = wrapper.application; includeInIndex = 0; path = VivaDicta.app; sourceTree = BUILT_PRODUCTS_DIR; };
		18351E572E634FF000944940 /* VivaDictaTests.xctest */ = {isa = PBXFileReference; explicitFileType = wrapper.cfbundle; includeInIndex = 0; path = VivaDictaTests.xctest; sourceTree = BUILT_PRODUCTS_DIR; };
		189C7A8B2F0C6822004BAFBF /* ShareExtension.appex */ = {isa = PBXFileReference; explicitFileType = "wrapper.app-extension"; includeInIndex = 0; path = ShareExtension.appex; sourceTree = BUILT_PRODUCTS_DIR; };
		189C7AAE2F0D84E2004BAFBF /* ActionExtension.appex */ = {isa = PBXFileReference; explicitFileType = "wrapper.app-extension"; includeInIndex = 0; path = ActionExtension.appex; sourceTree = BUILT_PRODUCTS_DIR; };
		189C7AAF2F0D84E2004BAFBF /* UniformTypeIdentifiers.framework */ = {isa = PBXFileReference; lastKnownFileType = wrapper.framework; name = UniformTypeIdentifiers.framework; path = System/Library/Frameworks/UniformTypeIdentifiers.framework; sourceTree = SDKROOT; };
		18B497E42F26822400538830 /* Settings.bundle */ = {isa = PBXFileReference; lastKnownFileType = "wrapper.plug-in"; path = Settings.bundle; sourceTree = "<group>"; };
		18BA23F32F7ED0D500C4F68B /* VivaDictaWatch Watch App.app */ = {isa = PBXFileReference; explicitFileType = wrapper.application; includeInIndex = 0; path = "VivaDictaWatch Watch App.app"; sourceTree = BUILT_PRODUCTS_DIR; };
		18BA23FF2F7ED0D700C4F68B /* VivaDictaWatch Watch AppTests.xctest */ = {isa = PBXFileReference; explicitFileType = wrapper.cfbundle; includeInIndex = 0; path = "VivaDictaWatch Watch AppTests.xctest"; sourceTree = BUILT_PRODUCTS_DIR; };
		18BA24092F7ED0D700C4F68B /* VivaDictaWatch Watch AppUITests.xctest */ = {isa = PBXFileReference; explicitFileType = wrapper.cfbundle; includeInIndex = 0; path = "VivaDictaWatch Watch AppUITests.xctest"; sourceTree = BUILT_PRODUCTS_DIR; };
		18BA29252F7F29FD00C4F68B /* VivaDictaWatchWidgetExtension.appex */ = {isa = PBXFileReference; explicitFileType = "wrapper.app-extension"; includeInIndex = 0; path = VivaDictaWatchWidgetExtension.appex; sourceTree = BUILT_PRODUCTS_DIR; };
		18E1B49E2E8C6FF400BE8A11 /* VivaDictaKeyboard.appex */ = {isa = PBXFileReference; explicitFileType = "wrapper.app-extension"; includeInIndex = 0; path = VivaDictaKeyboard.appex; sourceTree = BUILT_PRODUCTS_DIR; };
		18E1C7FA2E8E793E00BE8A11 /* VivaDictaWidgetExtension.appex */ = {isa = PBXFileReference; explicitFileType = "wrapper.app-extension"; includeInIndex = 0; path = VivaDictaWidgetExtension.appex; sourceTree = BUILT_PRODUCTS_DIR; };
		18E1C7FB2E8E793E00BE8A11 /* WidgetKit.framework */ = {isa = PBXFileReference; lastKnownFileType = wrapper.framework; name = WidgetKit.framework; path = System/Library/Frameworks/WidgetKit.framework; sourceTree = SDKROOT; };
		18E1C7FD2E8E793E00BE8A11 /* SwiftUI.framework */ = {isa = PBXFileReference; lastKnownFileType = wrapper.framework; name = SwiftUI.framework; path = System/Library/Frameworks/SwiftUI.framework; sourceTree = SDKROOT; };
/* End PBXFileReference section */

/* Begin PBXFileSystemSynchronizedBuildFileExceptionSet section */
		183A98CF2F6DA0AA00C5D007 /* Exceptions for "VivaDictaKeyboard" folder in "VivaDicta" target */ = {
			isa = PBXFileSystemSynchronizedBuildFileExceptionSet;
			membershipExceptions = (
				TextInsertionFormatter.swift,
			);
			target = 181D04D62E3E55E400D357A6 /* VivaDicta */;
		};
		186E24542EA199EF00B19EDF /* Exceptions for "VivaDicta" folder in "VivaDictaTests" target */ = {
			isa = PBXFileSystemSynchronizedBuildFileExceptionSet;
			membershipExceptions = (
				"GoogleService-Info.plist",
				Utilities/LoggerExtension.swift,
			);
			target = 18351E562E634FF000944940 /* VivaDictaTests */;
		};
		189C7A992F0C6822004BAFBF /* Exceptions for "ShareExtension" folder in "ShareExtension" target */ = {
			isa = PBXFileSystemSynchronizedBuildFileExceptionSet;
			membershipExceptions = (
				Info.plist,
			);
			target = 189C7A8A2F0C6822004BAFBF /* ShareExtension */;
		};
		189C7A9C2F0D48F8004BAFBF /* Exceptions for "VivaDicta" folder in "ShareExtension" target */ = {
			isa = PBXFileSystemSynchronizedBuildFileExceptionSet;
			membershipExceptions = (
				"Extensions/FileManager+Directories.swift",
				"GoogleService-Info.plist",
				Models/CloudModel.swift,
				Models/ParakeetModel.swift,
				Models/Preset.swift,
				Models/PresetCatalog.swift,
				Models/TranscriptionModel.swift,
				Models/TranscriptionModelProvider.swift,
				Models/WhisperKitModel.swift,
				PrivacyInfo.xcprivacy,
				Services/AIEnhance/AIProvider.swift,
				Services/AIEnhance/UserPrompt.swift,
				Services/AIEnhance/VivaMode.swift,
				Services/KeychainService.swift,
				Shared/AppGroupCoordinator.swift,
				Shared/UserDefaultsStorage.swift,
				Utilities/LoggerExtension.swift,
				Utils/HapticManager.swift,
			);
			target = 189C7A8A2F0C6822004BAFBF /* ShareExtension */;
		};
		189C7AC02F0D84E2004BAFBF /* Exceptions for "ActionExtension" folder in "ActionExtension" target */ = {
			isa = PBXFileSystemSynchronizedBuildFileExceptionSet;
			membershipExceptions = (
				Info.plist,
			);
			target = 189C7AAD2F0D84E2004BAFBF /* ActionExtension */;
		};
		189C7AC32F0D86C1004BAFBF /* Exceptions for "VivaDicta" folder in "ActionExtension" target */ = {
			isa = PBXFileSystemSynchronizedBuildFileExceptionSet;
			membershipExceptions = (
				"Extensions/FileManager+Directories.swift",
				"GoogleService-Info.plist",
				Models/CloudModel.swift,
				Models/ParakeetModel.swift,
				Models/Preset.swift,
				Models/PresetCatalog.swift,
				Models/TranscriptionModel.swift,
				Models/TranscriptionModelProvider.swift,
				Models/WhisperKitModel.swift,
				PrivacyInfo.xcprivacy,
				Services/AIEnhance/AIProvider.swift,
				Services/AIEnhance/UserPrompt.swift,
				Services/AIEnhance/VivaMode.swift,
				Services/KeychainService.swift,
				Shared/AppGroupCoordinator.swift,
				Shared/UserDefaultsStorage.swift,
				Utilities/LoggerExtension.swift,
				Utils/HapticManager.swift,
			);
			target = 189C7AAD2F0D84E2004BAFBF /* ActionExtension */;
		};
		18BA293B2F7F29FE00C4F68B /* Exceptions for "VivaDictaWatchWidget" folder in "VivaDictaWatchWidgetExtension" target */ = {
			isa = PBXFileSystemSynchronizedBuildFileExceptionSet;
			membershipExceptions = (
				Info.plist,
			);
			target = 18BA29242F7F29FD00C4F68B /* VivaDictaWatchWidgetExtension */;
		};
		18BA2E4A2F7FB8E700C4F68B /* Exceptions for "VivaDictaWatchWidget" folder in "VivaDictaWatch Watch App" target */ = {
			isa = PBXFileSystemSynchronizedBuildFileExceptionSet;
			membershipExceptions = (
				AppIntent.swift,
			);
			target = 18BA23F22F7ED0D500C4F68B /* VivaDictaWatch Watch App */;
		};
		18BA452C2F81907E00C4F68B /* Exceptions for "VivaDictaWatch Watch App" folder in "VivaDictaWatch Watch AppTests" target */ = {
			isa = PBXFileSystemSynchronizedBuildFileExceptionSet;
			membershipExceptions = (
				"VivaDictaWatch Watch App.xctestplan",
			);
			target = 18BA23FE2F7ED0D700C4F68B /* VivaDictaWatch Watch AppTests */;
		};
		18BA4BF82F8250C000C4F68B /* Exceptions for "VivaDictaWatch Watch App" folder in "VivaDictaWatch Watch App" target */ = {
			isa = PBXFileSystemSynchronizedBuildFileExceptionSet;
			membershipExceptions = (
				"VivaDictaWatch-Watch-App-Info.plist",
			);
			target = 18BA23F22F7ED0D500C4F68B /* VivaDictaWatch Watch App */;
		};
		18E1B4A62E8C6FF400BE8A11 /* Exceptions for "VivaDictaKeyboard" folder in "VivaDictaKeyboard" target */ = {
			isa = PBXFileSystemSynchronizedBuildFileExceptionSet;
			membershipExceptions = (
				Info.plist,
			);
			target = 18E1B49D2E8C6FF400BE8A11 /* VivaDictaKeyboard */;
		};
		18E1C3DD2E8E776C00BE8A11 /* Exceptions for "VivaDicta" folder in "VivaDicta" target */ = {
			isa = PBXFileSystemSynchronizedBuildFileExceptionSet;
			membershipExceptions = (
				Info.plist,
				VivaDicta.xctestplan,
			);
			target = 181D04D62E3E55E400D357A6 /* VivaDicta */;
		};
		18E1C8132E8E793F00BE8A11 /* Exceptions for "VivaDictaWidget" folder in "VivaDictaWidgetExtension" target */ = {
			isa = PBXFileSystemSynchronizedBuildFileExceptionSet;
			membershipExceptions = (
				Info.plist,
			);
			target = 18E1C7F92E8E793E00BE8A11 /* VivaDictaWidgetExtension */;
		};
		18E1C8192E8E79D100BE8A11 /* Exceptions for "VivaDicta" folder in "VivaDictaWidgetExtension" target */ = {
			isa = PBXFileSystemSynchronizedBuildFileExceptionSet;
			membershipExceptions = (
				AppIntents/ToggleRecordIntent.swift,
				"GoogleService-Info.plist",
				Models/VivaDictaLiveActivityAttributes.swift,
				PrivacyInfo.xcprivacy,
				Shared/AppGroupCoordinator.swift,
				Utilities/LoggerExtension.swift,
				"Utils/Extensions/Color+Ext.swift",
				Utils/Extensions/GlowShape.swift,
				"Utils/Extensions/View+Ext.swift",
			);
			target = 18E1C7F92E8E793E00BE8A11 /* VivaDictaWidgetExtension */;
		};
		18E1C8232E8EE47200BE8A11 /* Exceptions for "VivaDicta" folder in "VivaDictaKeyboard" target */ = {
			isa = PBXFileSystemSynchronizedBuildFileExceptionSet;
			membershipExceptions = (
				Assets.xcassets,
				"Extensions/FileManager+Directories.swift",
				"GoogleService-Info.plist",
				Models/CloudModel.swift,
				Models/ParakeetModel.swift,
				Models/Preset.swift,
				Models/PresetCatalog.swift,
				Models/TranscriptionModel.swift,
				Models/TranscriptionModelProvider.swift,
				Models/WhisperKitModel.swift,
				PrivacyInfo.xcprivacy,
				Resources/Haptics/TranscriptionComplete.ahap,
				Services/AIEnhance/AIProvider.swift,
				Services/AIEnhance/UserPrompt.swift,
				Services/AIEnhance/VivaMode.swift,
				Services/KeychainService.swift,
				Shared/AnimatedMeshGradient.swift,
				Shared/AnimatedPath.swift,
				Shared/AppGroupCoordinator.swift,
				Shared/MicButton.swift,
				Shared/RecentNotesCache.swift,
				Shared/RecordingState.swift,
				Shared/RippleEffect.metal,
				Shared/RippleEffectModifier.swift,
				Shared/UserDefaultsStorage.swift,
				Shared/VivaModePicker.swift,
				Utilities/LoggerExtension.swift,
				Utils/ClipboardManager.swift,
				"Utils/Extensions/Color+Ext.swift",
				Utils/Extensions/GlowShape.swift,
				"Utils/Extensions/View+Ext.swift",
				Utils/HapticManager.swift,
				Views/HudView.swift,
				Views/HudViewDarkBounceOnly.swift,
				Views/HudViewLightBounceOnly.swift,
			);
			target = 18E1B49D2E8C6FF400BE8A11 /* VivaDictaKeyboard */;
		};
/* End PBXFileSystemSynchronizedBuildFileExceptionSet section */

/* Begin PBXFileSystemSynchronizedRootGroup section */
		181D04D92E3E55E400D357A6 /* VivaDicta */ = {
			isa = PBXFileSystemSynchronizedRootGroup;
			exceptions = (
				18E1C3DD2E8E776C00BE8A11 /* Exceptions for "VivaDicta" folder in "VivaDicta" target */,
				186E24542EA199EF00B19EDF /* Exceptions for "VivaDicta" folder in "VivaDictaTests" target */,
				18E1C8232E8EE47200BE8A11 /* Exceptions for "VivaDicta" folder in "VivaDictaKeyboard" target */,
				18E1C8192E8E79D100BE8A11 /* Exceptions for "VivaDicta" folder in "VivaDictaWidgetExtension" target */,
				189C7A9C2F0D48F8004BAFBF /* Exceptions for "VivaDicta" folder in "ShareExtension" target */,
				189C7AC32F0D86C1004BAFBF /* Exceptions for "VivaDicta" folder in "ActionExtension" target */,
			);
			path = VivaDicta;
			sourceTree = "<group>";
		};
		18351E582E634FF000944940 /* VivaDictaTests */ = {
			isa = PBXFileSystemSynchronizedRootGroup;
			path = VivaDictaTests;
			sourceTree = "<group>";
		};
		189C7A8C2F0C6822004BAFBF /* ShareExtension */ = {
			isa = PBXFileSystemSynchronizedRootGroup;
			exceptions = (
				189C7A992F0C6822004BAFBF /* Exceptions for "ShareExtension" folder in "ShareExtension" target */,
			);
			path = ShareExtension;
			sourceTree = "<group>";
		};
		189C7AB12F0D84E2004BAFBF /* ActionExtension */ = {
			isa = PBXFileSystemSynchronizedRootGroup;
			exceptions = (
				189C7AC02F0D84E2004BAFBF /* Exceptions for "ActionExtension" folder in "ActionExtension" target */,
			);
			path = ActionExtension;
			sourceTree = "<group>";
		};
		18BA23F42F7ED0D500C4F68B /* VivaDictaWatch Watch App */ = {
			isa = PBXFileSystemSynchronizedRootGroup;
			exceptions = (
				18BA4BF82F8250C000C4F68B /* Exceptions for "VivaDictaWatch Watch App" folder in "VivaDictaWatch Watch App" target */,
				18BA452C2F81907E00C4F68B /* Exceptions for "VivaDictaWatch Watch App" folder in "VivaDictaWatch Watch AppTests" target */,
			);
			path = "VivaDictaWatch Watch App";
			sourceTree = "<group>";
		};
		18BA24022F7ED0D700C4F68B /* VivaDictaWatch Watch AppTests */ = {
			isa = PBXFileSystemSynchronizedRootGroup;
			path = "VivaDictaWatch Watch AppTests";
			sourceTree = "<group>";
		};
		18BA240C2F7ED0D700C4F68B /* VivaDictaWatch Watch AppUITests */ = {
			isa = PBXFileSystemSynchronizedRootGroup;
			path = "VivaDictaWatch Watch AppUITests";
			sourceTree = "<group>";
		};
		18BA29282F7F29FD00C4F68B /* VivaDictaWatchWidget */ = {
			isa = PBXFileSystemSynchronizedRootGroup;
			exceptions = (
				18BA2E4A2F7FB8E700C4F68B /* Exceptions for "VivaDictaWatchWidget" folder in "VivaDictaWatch Watch App" target */,
				18BA293B2F7F29FE00C4F68B /* Exceptions for "VivaDictaWatchWidget" folder in "VivaDictaWatchWidgetExtension" target */,
			);
			path = VivaDictaWatchWidget;
			sourceTree = "<group>";
		};
		18E1B49F2E8C6FF400BE8A11 /* VivaDictaKeyboard */ = {
			isa = PBXFileSystemSynchronizedRootGroup;
			exceptions = (
				183A98CF2F6DA0AA00C5D007 /* Exceptions for "VivaDictaKeyboard" folder in "VivaDicta" target */,
				18E1B4A62E8C6FF400BE8A11 /* Exceptions for "VivaDictaKeyboard" folder in "VivaDictaKeyboard" target */,
			);
			path = VivaDictaKeyboard;
			sourceTree = "<group>";
		};
		18E1C7FF2E8E793E00BE8A11 /* VivaDictaWidget */ = {
			isa = PBXFileSystemSynchronizedRootGroup;
			exceptions = (
				18E1C8132E8E793F00BE8A11 /* Exceptions for "VivaDictaWidget" folder in "VivaDictaWidgetExtension" target */,
			);
			path = VivaDictaWidget;
			sourceTree = "<group>";
		};
/* End PBXFileSystemSynchronizedRootGroup section */

/* Begin PBXFrameworksBuildPhase section */
		181D04D42E3E55E400D357A6 /* Frameworks */ = {
			isa = PBXFrameworksBuildPhase;
			buildActionMask = 2147483647;
			files = (
				18EBD6B32ED1FBFB00C0041E /* FluidAudio in Frameworks */,
				18E328F72E894C3D0026327D /* WhisperKit in Frameworks */,
				18E1B4AD2E8C875000BE8A11 /* KeyboardKit in Frameworks */,
				18B497F22F268B2700538830 /* FirebaseCrashlytics in Frameworks */,
				18B497F02F268B2700538830 /* FirebaseAnalytics in Frameworks */,
				181D0D012E42355600D357A6 /* SiriWaveView in Frameworks */,
			);
			runOnlyForDeploymentPostprocessing = 0;
		};
		18351E542E634FF000944940 /* Frameworks */ = {
			isa = PBXFrameworksBuildPhase;
			buildActionMask = 2147483647;
			files = (
			);
			runOnlyForDeploymentPostprocessing = 0;
		};
		189C7A882F0C6822004BAFBF /* Frameworks */ = {
			isa = PBXFrameworksBuildPhase;
			buildActionMask = 2147483647;
			files = (
				189C7AA72F0D4A6E004BAFBF /* FluidAudio in Frameworks */,
			);
			runOnlyForDeploymentPostprocessing = 0;
		};
		189C7AAB2F0D84E2004BAFBF /* Frameworks */ = {
			isa = PBXFrameworksBuildPhase;
			buildActionMask = 2147483647;
			files = (
				189C7ACF2F0D8749004BAFBF /* FluidAudio in Frameworks */,
				189C7AB02F0D84E2004BAFBF /* UniformTypeIdentifiers.framework in Frameworks */,
			);
			runOnlyForDeploymentPostprocessing = 0;
		};
		18BA23F02F7ED0D500C4F68B /* Frameworks */ = {
			isa = PBXFrameworksBuildPhase;
			buildActionMask = 2147483647;
			files = (
			);
			runOnlyForDeploymentPostprocessing = 0;
		};
		18BA23FC2F7ED0D700C4F68B /* Frameworks */ = {
			isa = PBXFrameworksBuildPhase;
			buildActionMask = 2147483647;
			files = (
			);
			runOnlyForDeploymentPostprocessing = 0;
		};
		18BA24062F7ED0D700C4F68B /* Frameworks */ = {
			isa = PBXFrameworksBuildPhase;
			buildActionMask = 2147483647;
			files = (
			);
			runOnlyForDeploymentPostprocessing = 0;
		};
		18BA29222F7F29FD00C4F68B /* Frameworks */ = {
			isa = PBXFrameworksBuildPhase;
			buildActionMask = 2147483647;
			files = (
				18BA29272F7F29FD00C4F68B /* SwiftUI.framework in Frameworks */,
				18BA29262F7F29FD00C4F68B /* WidgetKit.framework in Frameworks */,
			);
			runOnlyForDeploymentPostprocessing = 0;
		};
		18E1B49B2E8C6FF400BE8A11 /* Frameworks */ = {
			isa = PBXFrameworksBuildPhase;
			buildActionMask = 2147483647;
			files = (
				18E1B4AF2E8C875A00BE8A11 /* KeyboardKit in Frameworks */,
				18EBD7992ED1FCC600C0041E /* FluidAudio in Frameworks */,
				186E2F922EA690DF00B19EDF /* SiriWaveView in Frameworks */,
			);
			runOnlyForDeploymentPostprocessing = 0;
		};
		18E1C7F72E8E793E00BE8A11 /* Frameworks */ = {
			isa = PBXFrameworksBuildPhase;
			buildActionMask = 2147483647;
			files = (
				18E1C7FE2E8E793E00BE8A11 /* SwiftUI.framework in Frameworks */,
				18E1C7FC2E8E793E00BE8A11 /* WidgetKit.framework in Frameworks */,
			);
			runOnlyForDeploymentPostprocessing = 0;
		};
/* End PBXFrameworksBuildPhase section */

/* Begin PBXGroup section */
		180E1D682E4A994800AE33B1 /* Frameworks */ = {
			isa = PBXGroup;
			children = (
				18E1C7FB2E8E793E00BE8A11 /* WidgetKit.framework */,
				18E1C7FD2E8E793E00BE8A11 /* SwiftUI.framework */,
				189C7AAF2F0D84E2004BAFBF /* UniformTypeIdentifiers.framework */,
			);
			name = Frameworks;
			sourceTree = "<group>";
		};
		181D04CE2E3E55E400D357A6 = {
			isa = PBXGroup;
			children = (
				18B497E42F26822400538830 /* Settings.bundle */,
				181D04D92E3E55E400D357A6 /* VivaDicta */,
				18351E582E634FF000944940 /* VivaDictaTests */,
				18E1B49F2E8C6FF400BE8A11 /* VivaDictaKeyboard */,
				18E1C7FF2E8E793E00BE8A11 /* VivaDictaWidget */,
				189C7A8C2F0C6822004BAFBF /* ShareExtension */,
				189C7AB12F0D84E2004BAFBF /* ActionExtension */,
				18BA23F42F7ED0D500C4F68B /* VivaDictaWatch Watch App */,
				18BA24022F7ED0D700C4F68B /* VivaDictaWatch Watch AppTests */,
				18BA240C2F7ED0D700C4F68B /* VivaDictaWatch Watch AppUITests */,
				18BA29282F7F29FD00C4F68B /* VivaDictaWatchWidget */,
				180E1D682E4A994800AE33B1 /* Frameworks */,
				181D04D82E3E55E400D357A6 /* Products */,
			);
			sourceTree = "<group>";
		};
		181D04D82E3E55E400D357A6 /* Products */ = {
			isa = PBXGroup;
			children = (
				181D04D72E3E55E400D357A6 /* VivaDicta.app */,
				18351E572E634FF000944940 /* VivaDictaTests.xctest */,
				18E1B49E2E8C6FF400BE8A11 /* VivaDictaKeyboard.appex */,
				18E1C7FA2E8E793E00BE8A11 /* VivaDictaWidgetExtension.appex */,
				189C7A8B2F0C6822004BAFBF /* ShareExtension.appex */,
				189C7AAE2F0D84E2004BAFBF /* ActionExtension.appex */,
				18BA23F32F7ED0D500C4F68B /* VivaDictaWatch Watch App.app */,
				18BA23FF2F7ED0D700C4F68B /* VivaDictaWatch Watch AppTests.xctest */,
				18BA24092F7ED0D700C4F68B /* VivaDictaWatch Watch AppUITests.xctest */,
				18BA29252F7F29FD00C4F68B /* VivaDictaWatchWidgetExtension.appex */,
			);
			name = Products;
			sourceTree = "<group>";
		};
/* End PBXGroup section */

/* Begin PBXNativeTarget section */
		181D04D62E3E55E400D357A6 /* VivaDicta */ = {
			isa = PBXNativeTarget;
			buildConfigurationList = 181D04E22E3E55E500D357A6 /* Build configuration list for PBXNativeTarget "VivaDicta" */;
			buildPhases = (
				181D04D32E3E55E400D357A6 /* Sources */,
				181D04D42E3E55E400D357A6 /* Frameworks */,
				181D04D52E3E55E400D357A6 /* Resources */,
				180E1D6C2E4A994800AE33B1 /* Embed Frameworks */,
				18E1B4AA2E8C6FF400BE8A11 /* Embed Foundation Extensions */,
				18BA24142F7ED0D700C4F68B /* Embed Watch Content */,
				18B497F32F268D9600538830 /* ShellScript */,
			);
			buildRules = (
			);
			dependencies = (
				18E1B4A42E8C6FF400BE8A11 /* PBXTargetDependency */,
				18E1C80E2E8E793F00BE8A11 /* PBXTargetDependency */,
				189C7A942F0C6822004BAFBF /* PBXTargetDependency */,
				189C7ABB2F0D84E2004BAFBF /* PBXTargetDependency */,
				18BA24122F7ED0D700C4F68B /* PBXTargetDependency */,
			);
			fileSystemSynchronizedGroups = (
				181D04D92E3E55E400D357A6 /* VivaDicta */,
			);
			name = VivaDicta;
			packageProductDependencies = (
				181D0D002E42355600D357A6 /* SiriWaveView */,
				18E328F62E894C3D0026327D /* WhisperKit */,
				18E1B4AC2E8C875000BE8A11 /* KeyboardKit */,
				18EBD6B22ED1FBFB00C0041E /* FluidAudio */,
				18B497EF2F268B2700538830 /* FirebaseAnalytics */,
				18B497F12F268B2700538830 /* FirebaseCrashlytics */,
			);
			productName = VivaDicta;
			productReference = 181D04D72E3E55E400D357A6 /* VivaDicta.app */;
			productType = "com.apple.product-type.application";
		};
		18351E562E634FF000944940 /* VivaDictaTests */ = {
			isa = PBXNativeTarget;
			buildConfigurationList = 18351E5F2E634FF000944940 /* Build configuration list for PBXNativeTarget "VivaDictaTests" */;
			buildPhases = (
				18351E532E634FF000944940 /* Sources */,
				18351E542E634FF000944940 /* Frameworks */,
				18351E552E634FF000944940 /* Resources */,
			);
			buildRules = (
			);
			dependencies = (
				18351E5C2E634FF000944940 /* PBXTargetDependency */,
			);
			fileSystemSynchronizedGroups = (
				18351E582E634FF000944940 /* VivaDictaTests */,
			);
			name = VivaDictaTests;
			packageProductDependencies = (
			);
			productName = VivaDictaTests;
			productReference = 18351E572E634FF000944940 /* VivaDictaTests.xctest */;
			productType = "com.apple.product-type.bundle.unit-test";
		};
		189C7A8A2F0C6822004BAFBF /* ShareExtension */ = {
			isa = PBXNativeTarget;
			buildConfigurationList = 189C7A982F0C6822004BAFBF /* Build configuration list for PBXNativeTarget "ShareExtension" */;
			buildPhases = (
				189C7A872F0C6822004BAFBF /* Sources */,
				189C7A882F0C6822004BAFBF /* Frameworks */,
				189C7A892F0C6822004BAFBF /* Resources */,
			);
			buildRules = (
			);
			dependencies = (
			);
			fileSystemSynchronizedGroups = (
				189C7A8C2F0C6822004BAFBF /* ShareExtension */,
			);
			name = ShareExtension;
			packageProductDependencies = (
				189C7AA62F0D4A6E004BAFBF /* FluidAudio */,
			);
			productName = ShareExtension;
			productReference = 189C7A8B2F0C6822004BAFBF /* ShareExtension.appex */;
			productType = "com.apple.product-type.app-extension";
		};
		189C7AAD2F0D84E2004BAFBF /* ActionExtension */ = {
			isa = PBXNativeTarget;
			buildConfigurationList = 189C7ABD2F0D84E2004BAFBF /* Build configuration list for PBXNativeTarget "ActionExtension" */;
			buildPhases = (
				189C7AAA2F0D84E2004BAFBF /* Sources */,
				189C7AAB2F0D84E2004BAFBF /* Frameworks */,
				189C7AAC2F0D84E2004BAFBF /* Resources */,
			);
			buildRules = (
			);
			dependencies = (
			);
			fileSystemSynchronizedGroups = (
				189C7AB12F0D84E2004BAFBF /* ActionExtension */,
			);
			name = ActionExtension;
			packageProductDependencies = (
				189C7ACE2F0D8749004BAFBF /* FluidAudio */,
			);
			productName = ActionExtension;
			productReference = 189C7AAE2F0D84E2004BAFBF /* ActionExtension.appex */;
			productType = "com.apple.product-type.app-extension";
		};
		18BA23F22F7ED0D500C4F68B /* VivaDictaWatch Watch App */ = {
			isa = PBXNativeTarget;
			buildConfigurationList = 18BA241E2F7ED0D700C4F68B /* Build configuration list for PBXNativeTarget "VivaDictaWatch Watch App" */;
			buildPhases = (
				18BA23EF2F7ED0D500C4F68B /* Sources */,
				18BA23F02F7ED0D500C4F68B /* Frameworks */,
				18BA23F12F7ED0D500C4F68B /* Resources */,
				18BA293C2F7F29FE00C4F68B /* Embed Foundation Extensions */,
			);
			buildRules = (
			);
			dependencies = (
				18BA29352F7F29FE00C4F68B /* PBXTargetDependency */,
			);
			fileSystemSynchronizedGroups = (
				18BA23F42F7ED0D500C4F68B /* VivaDictaWatch Watch App */,
			);
			name = "VivaDictaWatch Watch App";
			packageProductDependencies = (
			);
			productName = "VivaDictaWatch Watch App";
			productReference = 18BA23F32F7ED0D500C4F68B /* VivaDictaWatch Watch App.app */;
			productType = "com.apple.product-type.application";
		};
		18BA23FE2F7ED0D700C4F68B /* VivaDictaWatch Watch AppTests */ = {
			isa = PBXNativeTarget;
			buildConfigurationList = 18BA241F2F7ED0D700C4F68B /* Build configuration list for PBXNativeTarget "VivaDictaWatch Watch AppTests" */;
			buildPhases = (
				18BA23FB2F7ED0D700C4F68B /* Sources */,
				18BA23FC2F7ED0D700C4F68B /* Frameworks */,
				18BA23FD2F7ED0D700C4F68B /* Resources */,
			);
			buildRules = (
			);
			dependencies = (
				18BA24012F7ED0D700C4F68B /* PBXTargetDependency */,
			);
			fileSystemSynchronizedGroups = (
				18BA24022F7ED0D700C4F68B /* VivaDictaWatch Watch AppTests */,
			);
			name = "VivaDictaWatch Watch AppTests";
			packageProductDependencies = (
			);
			productName = "VivaDictaWatch Watch AppTests";
			productReference = 18BA23FF2F7ED0D700C4F68B /* VivaDictaWatch Watch AppTests.xctest */;
			productType = "com.apple.product-type.bundle.unit-test";
		};
		18BA24082F7ED0D700C4F68B /* VivaDictaWatch Watch AppUITests */ = {
			isa = PBXNativeTarget;
			buildConfigurationList = 18BA24202F7ED0D700C4F68B /* Build configuration list for PBXNativeTarget "VivaDictaWatch Watch AppUITests" */;
			buildPhases = (
				18BA24052F7ED0D700C4F68B /* Sources */,
				18BA24062F7ED0D700C4F68B /* Frameworks */,
				18BA24072F7ED0D700C4F68B /* Resources */,
			);
			buildRules = (
			);
			dependencies = (
				18BA240B2F7ED0D700C4F68B /* PBXTargetDependency */,
			);
			fileSystemSynchronizedGroups = (
				18BA240C2F7ED0D700C4F68B /* VivaDictaWatch Watch AppUITests */,
			);
			name = "VivaDictaWatch Watch AppUITests";
			packageProductDependencies = (
			);
			productName = "VivaDictaWatch Watch AppUITests";
			productReference = 18BA24092F7ED0D700C4F68B /* VivaDictaWatch Watch AppUITests.xctest */;
			productType = "com.apple.product-type.bundle.ui-testing";
		};
		18BA29242F7F29FD00C4F68B /* VivaDictaWatchWidgetExtension */ = {
			isa = PBXNativeTarget;
			buildConfigurationList = 18BA29372F7F29FE00C4F68B /* Build configuration list for PBXNativeTarget "VivaDictaWatchWidgetExtension" */;
			buildPhases = (
				18BA29212F7F29FD00C4F68B /* Sources */,
				18BA29222F7F29FD00C4F68B /* Frameworks */,
				18BA29232F7F29FD00C4F68B /* Resources */,
			);
			buildRules = (
			);
			dependencies = (
			);
			fileSystemSynchronizedGroups = (
				18BA29282F7F29FD00C4F68B /* VivaDictaWatchWidget */,
			);
			name = VivaDictaWatchWidgetExtension;
			packageProductDependencies = (
			);
			productName = VivaDictaWatchWidgetExtension;
			productReference = 18BA29252F7F29FD00C4F68B /* VivaDictaWatchWidgetExtension.appex */;
			productType = "com.apple.product-type.app-extension";
		};
		18E1B49D2E8C6FF400BE8A11 /* VivaDictaKeyboard */ = {
			isa = PBXNativeTarget;
			buildConfigurationList = 18E1B4A72E8C6FF400BE8A11 /* Build configuration list for PBXNativeTarget "VivaDictaKeyboard" */;
			buildPhases = (
				18E1B49A2E8C6FF400BE8A11 /* Sources */,
				18E1B49B2E8C6FF400BE8A11 /* Frameworks */,
				18E1B49C2E8C6FF400BE8A11 /* Resources */,
			);
			buildRules = (
			);
			dependencies = (
			);
			fileSystemSynchronizedGroups = (
				18E1B49F2E8C6FF400BE8A11 /* VivaDictaKeyboard */,
			);
			name = VivaDictaKeyboard;
			packageProductDependencies = (
				18E1B4AE2E8C875A00BE8A11 /* KeyboardKit */,
				186E2F912EA690DF00B19EDF /* SiriWaveView */,
				18EBD7982ED1FCC600C0041E /* FluidAudio */,
			);
			productName = VivaDictaKeyboard;
			productReference = 18E1B49E2E8C6FF400BE8A11 /* VivaDictaKeyboard.appex */;
			productType = "com.apple.product-type.app-extension";
		};
		18E1C7F92E8E793E00BE8A11 /* VivaDictaWidgetExtension */ = {
			isa = PBXNativeTarget;
			buildConfigurationList = 18E1C8102E8E793F00BE8A11 /* Build configuration list for PBXNativeTarget "VivaDictaWidgetExtension" */;
			buildPhases = (
				18E1C7F62E8E793E00BE8A11 /* Sources */,
				18E1C7F72E8E793E00BE8A11 /* Frameworks */,
				18E1C7F82E8E793E00BE8A11 /* Resources */,
			);
			buildRules = (
			);
			dependencies = (
			);
			fileSystemSynchronizedGroups = (
				18E1C7FF2E8E793E00BE8A11 /* VivaDictaWidget */,
			);
			name = VivaDictaWidgetExtension;
			packageProductDependencies = (
			);
			productName = VivaDictaWidgetExtension;
			productReference = 18E1C7FA2E8E793E00BE8A11 /* VivaDictaWidgetExtension.appex */;
			productType = "com.apple.product-type.app-extension";
		};
/* End PBXNativeTarget section */

/* Begin PBXProject section */
		181D04CF2E3E55E400D357A6 /* Project object */ = {
			isa = PBXProject;
			attributes = {
				BuildIndependentTargetsInParallel = 1;
				LastSwiftUpdateCheck = 2640;
				LastUpgradeCheck = 2600;
				TargetAttributes = {
					181D04D62E3E55E400D357A6 = {
						CreatedOnToolsVersion = 26.0;
					};
					18351E562E634FF000944940 = {
						CreatedOnToolsVersion = 26.0;
						TestTargetID = 181D04D62E3E55E400D357A6;
					};
					189C7A8A2F0C6822004BAFBF = {
						CreatedOnToolsVersion = 26.2;
					};
					189C7AAD2F0D84E2004BAFBF = {
						CreatedOnToolsVersion = 26.2;
					};
					18BA23F22F7ED0D500C4F68B = {
						CreatedOnToolsVersion = 26.4;
					};
					18BA23FE2F7ED0D700C4F68B = {
						CreatedOnToolsVersion = 26.4;
						TestTargetID = 18BA23F22F7ED0D500C4F68B;
					};
					18BA24082F7ED0D700C4F68B = {
						CreatedOnToolsVersion = 26.4;
						TestTargetID = 18BA23F22F7ED0D500C4F68B;
					};
					18BA29242F7F29FD00C4F68B = {
						CreatedOnToolsVersion = 26.4;
					};
					18E1B49D2E8C6FF400BE8A11 = {
						CreatedOnToolsVersion = 26.0.1;
					};
					18E1C7F92E8E793E00BE8A11 = {
						CreatedOnToolsVersion = 26.0.1;
					};
				};
			};
			buildConfigurationList = 181D04D22E3E55E400D357A6 /* Build configuration list for PBXProject "VivaDicta" */;
			developmentRegion = en;
			hasScannedForEncodings = 0;
			knownRegions = (
				en,
				Base,
			);
			mainGroup = 181D04CE2E3E55E400D357A6;
			minimizedProjectReferenceProxies = 1;
			packageReferences = (
				181D0CFF2E42355600D357A6 /* XCRemoteSwiftPackageReference "SiriWaveView" */,
				18E328F52E894C3D0026327D /* XCRemoteSwiftPackageReference "WhisperKit" */,
				18E1B4AB2E8C875000BE8A11 /* XCRemoteSwiftPackageReference "KeyboardKit" */,
				18EBD6B12ED1FBFB00C0041E /* XCRemoteSwiftPackageReference "FluidAudio" */,
				18B497EE2F268B2700538830 /* XCRemoteSwiftPackageReference "firebase-ios-sdk" */,
			);
			preferredProjectObjectVersion = 77;
			productRefGroup = 181D04D82E3E55E400D357A6 /* Products */;
			projectDirPath = "";
			projectRoot = "";
			targets = (
				181D04D62E3E55E400D357A6 /* VivaDicta */,
				18351E562E634FF000944940 /* VivaDictaTests */,
				18E1B49D2E8C6FF400BE8A11 /* VivaDictaKeyboard */,
				18E1C7F92E8E793E00BE8A11 /* VivaDictaWidgetExtension */,
				189C7A8A2F0C6822004BAFBF /* ShareExtension */,
				189C7AAD2F0D84E2004BAFBF /* ActionExtension */,
				18BA23F22F7ED0D500C4F68B /* VivaDictaWatch Watch App */,
				18BA23FE2F7ED0D700C4F68B /* VivaDictaWatch Watch AppTests */,
				18BA24082F7ED0D700C4F68B /* VivaDictaWatch Watch AppUITests */,
				18BA29242F7F29FD00C4F68B /* VivaDictaWatchWidgetExtension */,
			);
		};
/* End PBXProject section */

/* Begin PBXResourcesBuildPhase section */
		181D04D52E3E55E400D357A6 /* Resources */ = {
			isa = PBXResourcesBuildPhase;
			buildActionMask = 2147483647;
			files = (
				18B497E62F26822400538830 /* Settings.bundle in Resources */,
			);
			runOnlyForDeploymentPostprocessing = 0;
		};
		18351E552E634FF000944940 /* Resources */ = {
			isa = PBXResourcesBuildPhase;
			buildActionMask = 2147483647;
			files = (
			);
			runOnlyForDeploymentPostprocessing = 0;
		};
		189C7A892F0C6822004BAFBF /* Resources */ = {
			isa = PBXResourcesBuildPhase;
			buildActionMask = 2147483647;
			files = (
			);
			runOnlyForDeploymentPostprocessing = 0;
		};
		189C7AAC2F0D84E2004BAFBF /* Resources */ = {
			isa = PBXResourcesBuildPhase;
			buildActionMask = 2147483647;
			files = (
				18B497E52F26822400538830 /* Settings.bundle in Resources */,
			);
			runOnlyForDeploymentPostprocessing = 0;
		};
		18BA23F12F7ED0D500C4F68B /* Resources */ = {
			isa = PBXResourcesBuildPhase;
			buildActionMask = 2147483647;
			files = (
			);
			runOnlyForDeploymentPostprocessing = 0;
		};
		18BA23FD2F7ED0D700C4F68B /* Resources */ = {
			isa = PBXResourcesBuildPhase;
			buildActionMask = 2147483647;
			files = (
			);
			runOnlyForDeploymentPostprocessing = 0;
		};
		18BA24072F7ED0D700C4F68B /* Resources */ = {
			isa = PBXResourcesBuildPhase;
			buildActionMask = 2147483647;
			files = (
			);
			runOnlyForDeploymentPostprocessing = 0;
		};
		18BA29232F7F29FD00C4F68B /* Resources */ = {
			isa = PBXResourcesBuildPhase;
			buildActionMask = 2147483647;
			files = (
			);
			runOnlyForDeploymentPostprocessing = 0;
		};
		18E1B49C2E8C6FF400BE8A11 /* Resources */ = {
			isa = PBXResourcesBuildPhase;
			buildActionMask = 2147483647;
			files = (
			);
			runOnlyForDeploymentPostprocessing = 0;
		};
		18E1C7F82E8E793E00BE8A11 /* Resources */ = {
			isa = PBXResourcesBuildPhase;
			buildActionMask = 2147483647;
			files = (
			);
			runOnlyForDeploymentPostprocessing = 0;
		};
/* End PBXResourcesBuildPhase section */

/* Begin PBXShellScriptBuildPhase section */
		18B497F32F268D9600538830 /* ShellScript */ = {
			isa = PBXShellScriptBuildPhase;
			buildActionMask = 2147483647;
			files = (
			);
			inputFileListPaths = (
			);
			inputPaths = (
				"${DWARF_DSYM_FOLDER_PATH}/${DWARF_DSYM_FILE_NAME}",
				"${DWARF_DSYM_FOLDER_PATH}/${DWARF_DSYM_FILE_NAME}/Contents/Resources/DWARF/${PRODUCT_NAME}",
				"${DWARF_DSYM_FOLDER_PATH}/${DWARF_DSYM_FILE_NAME}/Contents/Info.plist",
				"$(TARGET_BUILD_DIR)/$(UNLOCALIZED_RESOURCES_FOLDER_PATH)/GoogleService-Info.plist",
				"$(TARGET_BUILD_DIR)/$(EXECUTABLE_PATH)",
			);
			outputFileListPaths = (
			);
			outputPaths = (
			);
			runOnlyForDeploymentPostprocessing = 0;
			shellPath = /bin/sh;
			shellScript = "# Skip Crashlytics dSYM upload for Debug builds\nif [ \"$CONFIGURATION\" == \"Debug\" ]; then\n  exit 0\nfi\n\"${BUILD_DIR%/Build/*}/SourcePackages/checkouts/firebase-ios-sdk/Crashlytics/run\"\n";
		};
/* End PBXShellScriptBuildPhase section */

/* Begin PBXSourcesBuildPhase section */
		181D04D32E3E55E400D357A6 /* Sources */ = {
			isa = PBXSourcesBuildPhase;
			buildActionMask = 2147483647;
			files = (
			);
			runOnlyForDeploymentPostprocessing = 0;
		};
		18351E532E634FF000944940 /* Sources */ = {
			isa = PBXSourcesBuildPhase;
			buildActionMask = 2147483647;
			files = (
			);
			runOnlyForDeploymentPostprocessing = 0;
		};
		189C7A872F0C6822004BAFBF /* Sources */ = {
			isa = PBXSourcesBuildPhase;
			buildActionMask = 2147483647;
			files = (
			);
			runOnlyForDeploymentPostprocessing = 0;
		};
		189C7AAA2F0D84E2004BAFBF /* Sources */ = {
			isa = PBXSourcesBuildPhase;
			buildActionMask = 2147483647;
			files = (
			);
			runOnlyForDeploymentPostprocessing = 0;
		};
		18BA23EF2F7ED0D500C4F68B /* Sources */ = {
			isa = PBXSourcesBuildPhase;
			buildActionMask = 2147483647;
			files = (
			);
			runOnlyForDeploymentPostprocessing = 0;
		};
		18BA23FB2F7ED0D700C4F68B /* Sources */ = {
			isa = PBXSourcesBuildPhase;
			buildActionMask = 2147483647;
			files = (
			);
			runOnlyForDeploymentPostprocessing = 0;
		};
		18BA24052F7ED0D700C4F68B /* Sources */ = {
			isa = PBXSourcesBuildPhase;
			buildActionMask = 2147483647;
			files = (
			);
			runOnlyForDeploymentPostprocessing = 0;
		};
		18BA29212F7F29FD00C4F68B /* Sources */ = {
			isa = PBXSourcesBuildPhase;
			buildActionMask = 2147483647;
			files = (
			);
			runOnlyForDeploymentPostprocessing = 0;
		};
		18E1B49A2E8C6FF400BE8A11 /* Sources */ = {
			isa = PBXSourcesBuildPhase;
			buildActionMask = 2147483647;
			files = (
			);
			runOnlyForDeploymentPostprocessing = 0;
		};
		18E1C7F62E8E793E00BE8A11 /* Sources */ = {
			isa = PBXSourcesBuildPhase;
			buildActionMask = 2147483647;
			files = (
			);
			runOnlyForDeploymentPostprocessing = 0;
		};
/* End PBXSourcesBuildPhase section */

/* Begin PBXTargetDependency section */
		18351E5C2E634FF000944940 /* PBXTargetDependency */ = {
			isa = PBXTargetDependency;
			target = 181D04D62E3E55E400D357A6 /* VivaDicta */;
			targetProxy = 18351E5B2E634FF000944940 /* PBXContainerItemProxy */;
		};
		189C7A942F0C6822004BAFBF /* PBXTargetDependency */ = {
			isa = PBXTargetDependency;
			target = 189C7A8A2F0C6822004BAFBF /* ShareExtension */;
			targetProxy = 189C7A932F0C6822004BAFBF /* PBXContainerItemProxy */;
		};
		189C7ABB2F0D84E2004BAFBF /* PBXTargetDependency */ = {
			isa = PBXTargetDependency;
			target = 189C7AAD2F0D84E2004BAFBF /* ActionExtension */;
			targetProxy = 189C7ABA2F0D84E2004BAFBF /* PBXContainerItemProxy */;
		};
		18BA24012F7ED0D700C4F68B /* PBXTargetDependency */ = {
			isa = PBXTargetDependency;
			target = 18BA23F22F7ED0D500C4F68B /* VivaDictaWatch Watch App */;
			targetProxy = 18BA24002F7ED0D700C4F68B /* PBXContainerItemProxy */;
		};
		18BA240B2F7ED0D700C4F68B /* PBXTargetDependency */ = {
			isa = PBXTargetDependency;
			target = 18BA23F22F7ED0D500C4F68B /* VivaDictaWatch Watch App */;
			targetProxy = 18BA240A2F7ED0D700C4F68B /* PBXContainerItemProxy */;
		};
		18BA24122F7ED0D700C4F68B /* PBXTargetDependency */ = {
			isa = PBXTargetDependency;
			target = 18BA23F22F7ED0D500C4F68B /* VivaDictaWatch Watch App */;
			targetProxy = 18BA24112F7ED0D700C4F68B /* PBXContainerItemProxy */;
		};
		18BA29352F7F29FE00C4F68B /* PBXTargetDependency */ = {
			isa = PBXTargetDependency;
			target = 18BA29242F7F29FD00C4F68B /* VivaDictaWatchWidgetExtension */;
			targetProxy = 18BA29342F7F29FE00C4F68B /* PBXContainerItemProxy */;
		};
		18E1B4A42E8C6FF400BE8A11 /* PBXTargetDependency */ = {
			isa = PBXTargetDependency;
			target = 18E1B49D2E8C6FF400BE8A11 /* VivaDictaKeyboard */;
			targetProxy = 18E1B4A32E8C6FF400BE8A11 /* PBXContainerItemProxy */;
		};
		18E1C80E2E8E793F00BE8A11 /* PBXTargetDependency */ = {
			isa = PBXTargetDependency;
			target = 18E1C7F92E8E793E00BE8A11 /* VivaDictaWidgetExtension */;
			targetProxy = 18E1C80D2E8E793F00BE8A11 /* PBXContainerItemProxy */;
		};
/* End PBXTargetDependency section */

/* Begin XCBuildConfiguration section */
		181D04E02E3E55E500D357A6 /* Debug */ = {
			isa = XCBuildConfiguration;
			baseConfigurationReferenceAnchor = 181D04D92E3E55E400D357A6 /* VivaDicta */;
			baseConfigurationReferenceRelativePath = Develop.xcconfig;
			buildSettings = {
				ALWAYS_SEARCH_USER_PATHS = NO;
				ASSETCATALOG_COMPILER_GENERATE_SWIFT_ASSET_SYMBOL_EXTENSIONS = YES;
				CLANG_ANALYZER_NONNULL = YES;
				CLANG_ANALYZER_NUMBER_OBJECT_CONVERSION = YES_AGGRESSIVE;
				CLANG_CXX_LANGUAGE_STANDARD = "gnu++20";
				CLANG_ENABLE_MODULES = YES;
				CLANG_ENABLE_OBJC_ARC = YES;
				CLANG_ENABLE_OBJC_WEAK = YES;
				CLANG_WARN_BLOCK_CAPTURE_AUTORELEASING = YES;
				CLANG_WARN_BOOL_CONVERSION = YES;
				CLANG_WARN_COMMA = YES;
				CLANG_WARN_CONSTANT_CONVERSION = YES;
				CLANG_WARN_DEPRECATED_OBJC_IMPLEMENTATIONS = YES;
				CLANG_WARN_DIRECT_OBJC_ISA_USAGE = YES_ERROR;
				CLANG_WARN_DOCUMENTATION_COMMENTS = YES;
				CLANG_WARN_EMPTY_BODY = YES;
				CLANG_WARN_ENUM_CONVERSION = YES;
				CLANG_WARN_INFINITE_RECURSION = YES;
				CLANG_WARN_INT_CONVERSION = YES;
				CLANG_WARN_NON_LITERAL_NULL_CONVERSION = YES;
				CLANG_WARN_OBJC_IMPLICIT_RETAIN_SELF = YES;
				CLANG_WARN_OBJC_LITERAL_CONVERSION = YES;
				CLANG_WARN_OBJC_ROOT_CLASS = YES_ERROR;
				CLANG_WARN_QUOTED_INCLUDE_IN_FRAMEWORK_HEADER = YES;
				CLANG_WARN_RANGE_LOOP_ANALYSIS = YES;
				CLANG_WARN_STRICT_PROTOTYPES = YES;
				CLANG_WARN_SUSPICIOUS_MOVE = YES;
				CLANG_WARN_UNGUARDED_AVAILABILITY = YES_AGGRESSIVE;
				CLANG_WARN_UNREACHABLE_CODE = YES;
				CLANG_WARN__DUPLICATE_METHOD_MATCH = YES;
				COPY_PHASE_STRIP = NO;
				DEBUG_INFORMATION_FORMAT = dwarf;
				DEVELOPMENT_TEAM = TDX2FNZ56U;
				EAGER_LINKING = YES;
				ENABLE_STRICT_OBJC_MSGSEND = YES;
				ENABLE_TESTABILITY = YES;
				ENABLE_USER_SCRIPT_SANDBOXING = YES;
				GCC_C_LANGUAGE_STANDARD = gnu17;
				GCC_DYNAMIC_NO_PIC = NO;
				GCC_NO_COMMON_BLOCKS = YES;
				GCC_OPTIMIZATION_LEVEL = 0;
				GCC_PREPROCESSOR_DEFINITIONS = (
					"DEBUG=1",
					"$(inherited)",
				);
				GCC_WARN_64_TO_32_BIT_CONVERSION = YES;
				GCC_WARN_ABOUT_RETURN_TYPE = YES_ERROR;
				GCC_WARN_UNDECLARED_SELECTOR = YES;
				GCC_WARN_UNINITIALIZED_AUTOS = YES_AGGRESSIVE;
				GCC_WARN_UNUSED_FUNCTION = YES;
				GCC_WARN_UNUSED_VARIABLE = YES;
				IPHONEOS_DEPLOYMENT_TARGET = 26.0;
				LOCALIZATION_PREFERS_STRING_CATALOGS = YES;
				MTL_ENABLE_DEBUG_INFO = INCLUDE_SOURCE;
				MTL_FAST_MATH = YES;
				ONLY_ACTIVE_ARCH = YES;
				SDKROOT = iphoneos;
				SWIFT_APPROACHABLE_CONCURRENCY = YES;
				SWIFT_DEFAULT_ACTOR_ISOLATION = MainActor;
				SWIFT_OPTIMIZATION_LEVEL = "-Onone";
				SWIFT_VERSION = 6.2;
			};
			name = Debug;
		};
		181D04E12E3E55E500D357A6 /* Release */ = {
			isa = XCBuildConfiguration;
			baseConfigurationReferenceAnchor = 181D04D92E3E55E400D357A6 /* VivaDicta */;
			baseConfigurationReferenceRelativePath = Release.xcconfig;
			buildSettings = {
				ALWAYS_SEARCH_USER_PATHS = NO;
				ASSETCATALOG_COMPILER_GENERATE_SWIFT_ASSET_SYMBOL_EXTENSIONS = YES;
				CLANG_ANALYZER_NONNULL = YES;
				CLANG_ANALYZER_NUMBER_OBJECT_CONVERSION = YES_AGGRESSIVE;
				CLANG_CXX_LANGUAGE_STANDARD = "gnu++20";
				CLANG_ENABLE_MODULES = YES;
				CLANG_ENABLE_OBJC_ARC = YES;
				CLANG_ENABLE_OBJC_WEAK = YES;
				CLANG_WARN_BLOCK_CAPTURE_AUTORELEASING = YES;
				CLANG_WARN_BOOL_CONVERSION = YES;
				CLANG_WARN_COMMA = YES;
				CLANG_WARN_CONSTANT_CONVERSION = YES;
				CLANG_WARN_DEPRECATED_OBJC_IMPLEMENTATIONS = YES;
				CLANG_WARN_DIRECT_OBJC_ISA_USAGE = YES_ERROR;
				CLANG_WARN_DOCUMENTATION_COMMENTS = YES;
				CLANG_WARN_EMPTY_BODY = YES;
				CLANG_WARN_ENUM_CONVERSION = YES;
				CLANG_WARN_INFINITE_RECURSION = YES;
				CLANG_WARN_INT_CONVERSION = YES;
				CLANG_WARN_NON_LITERAL_NULL_CONVERSION = YES;
				CLANG_WARN_OBJC_IMPLICIT_RETAIN_SELF = YES;
				CLANG_WARN_OBJC_LITERAL_CONVERSION = YES;
				CLANG_WARN_OBJC_ROOT_CLASS = YES_ERROR;
				CLANG_WARN_QUOTED_INCLUDE_IN_FRAMEWORK_HEADER = YES;
				CLANG_WARN_RANGE_LOOP_ANALYSIS = YES;
				CLANG_WARN_STRICT_PROTOTYPES = YES;
				CLANG_WARN_SUSPICIOUS_MOVE = YES;
				CLANG_WARN_UNGUARDED_AVAILABILITY = YES_AGGRESSIVE;
				CLANG_WARN_UNREACHABLE_CODE = YES;
				CLANG_WARN__DUPLICATE_METHOD_MATCH = YES;
				COPY_PHASE_STRIP = NO;
				DEBUG_INFORMATION_FORMAT = "dwarf-with-dsym";
				DEVELOPMENT_TEAM = TDX2FNZ56U;
				ENABLE_NS_ASSERTIONS = NO;
				ENABLE_STRICT_OBJC_MSGSEND = YES;
				ENABLE_USER_SCRIPT_SANDBOXING = YES;
				GCC_C_LANGUAGE_STANDARD = gnu17;
				GCC_NO_COMMON_BLOCKS = YES;
				GCC_WARN_64_TO_32_BIT_CONVERSION = YES;
				GCC_WARN_ABOUT_RETURN_TYPE = YES_ERROR;
				GCC_WARN_UNDECLARED_SELECTOR = YES;
				GCC_WARN_UNINITIALIZED_AUTOS = YES_AGGRESSIVE;
				GCC_WARN_UNUSED_FUNCTION = YES;
				GCC_WARN_UNUSED_VARIABLE = YES;
				IPHONEOS_DEPLOYMENT_TARGET = 26.0;
				LOCALIZATION_PREFERS_STRING_CATALOGS = YES;
				MTL_ENABLE_DEBUG_INFO = NO;
				MTL_FAST_MATH = YES;
				SDKROOT = iphoneos;
				SWIFT_APPROACHABLE_CONCURRENCY = YES;
				SWIFT_COMPILATION_MODE = wholemodule;
				SWIFT_DEFAULT_ACTOR_ISOLATION = MainActor;
				SWIFT_VERSION = 6.2;
				VALIDATE_PRODUCT = YES;
			};
			name = Release;
		};
		181D04E32E3E55E500D357A6 /* Debug */ = {
			isa = XCBuildConfiguration;
			buildSettings = {
				ASSETCATALOG_COMPILER_APPICON_NAME = AppIcon3;
				ASSETCATALOG_COMPILER_GLOBAL_ACCENT_COLOR_NAME = AccentColor;
				CODE_SIGN_ENTITLEMENTS = VivaDicta/VivaDicta.entitlements;
				CODE_SIGN_STYLE = Automatic;
				CURRENT_PROJECT_VERSION = 2201;
				DEBUG_INFORMATION_FORMAT = dwarf;
				DEVELOPMENT_TEAM = 358V8FBM3U;
				ENABLE_PREVIEWS = YES;
				GENERATE_INFOPLIST_FILE = YES;
				INFOPLIST_FILE = VivaDicta/Info.plist;
				INFOPLIST_KEY_NSMicrophoneUsageDescription = "VivaDicta uses the microphone to record your speech and transcribe it into text using on-device or cloud speech recognition.";
				INFOPLIST_KEY_NSSupportsLiveActivities = YES;
				INFOPLIST_KEY_UIApplicationSceneManifest_Generation = YES;
				INFOPLIST_KEY_UIApplicationSupportsIndirectInputEvents = YES;
				INFOPLIST_KEY_UILaunchScreen_Generation = YES;
				INFOPLIST_KEY_UISupportedInterfaceOrientations_iPad = "UIInterfaceOrientationPortrait UIInterfaceOrientationPortraitUpsideDown UIInterfaceOrientationLandscapeLeft UIInterfaceOrientationLandscapeRight";
				INFOPLIST_KEY_UISupportedInterfaceOrientations_iPhone = "UIInterfaceOrientationPortrait UIInterfaceOrientationLandscapeLeft UIInterfaceOrientationLandscapeRight";
				IPHONEOS_DEPLOYMENT_TARGET = 18.0;
				LD_RUNPATH_SEARCH_PATHS = (
					"$(inherited)",
					"@executable_path/Frameworks",
				);
				MARKETING_VERSION = 2.2.0;
				OTHER_LDFLAGS = "-ObjC";
				PRODUCT_BUNDLE_IDENTIFIER = com.antonnovoselov.VivaDicta;
				PRODUCT_NAME = "$(TARGET_NAME)";
				STRING_CATALOG_GENERATE_SYMBOLS = YES;
				SWIFT_APPROACHABLE_CONCURRENCY = YES;
				SWIFT_DEFAULT_ACTOR_ISOLATION = MainActor;
				SWIFT_EMIT_LOC_STRINGS = YES;
				SWIFT_UPCOMING_FEATURE_EXISTENTIAL_ANY = YES;
				SWIFT_UPCOMING_FEATURE_MEMBER_IMPORT_VISIBILITY = YES;
				SWIFT_VERSION = 6.2;
				TARGETED_DEVICE_FAMILY = "1,2";
			};
			name = Debug;
		};
		181D04E42E3E55E500D357A6 /* Release */ = {
			isa = XCBuildConfiguration;
			buildSettings = {
				ASSETCATALOG_COMPILER_APPICON_NAME = AppIcon3;
				ASSETCATALOG_COMPILER_GLOBAL_ACCENT_COLOR_NAME = AccentColor;
				CODE_SIGN_ENTITLEMENTS = VivaDicta/VivaDicta.entitlements;
				CODE_SIGN_STYLE = Automatic;
				CURRENT_PROJECT_VERSION = 2201;
				DEBUG_INFORMATION_FORMAT = "dwarf-with-dsym";
				DEVELOPMENT_TEAM = 358V8FBM3U;
				ENABLE_PREVIEWS = YES;
				GENERATE_INFOPLIST_FILE = YES;
				INFOPLIST_FILE = VivaDicta/Info.plist;
				INFOPLIST_KEY_NSMicrophoneUsageDescription = "VivaDicta uses the microphone to record your speech and transcribe it into text using on-device or cloud speech recognition.";
				INFOPLIST_KEY_NSSupportsLiveActivities = YES;
				INFOPLIST_KEY_UIApplicationSceneManifest_Generation = YES;
				INFOPLIST_KEY_UIApplicationSupportsIndirectInputEvents = YES;
				INFOPLIST_KEY_UILaunchScreen_Generation = YES;
				INFOPLIST_KEY_UISupportedInterfaceOrientations_iPad = "UIInterfaceOrientationPortrait UIInterfaceOrientationPortraitUpsideDown UIInterfaceOrientationLandscapeLeft UIInterfaceOrientationLandscapeRight";
				INFOPLIST_KEY_UISupportedInterfaceOrientations_iPhone = "UIInterfaceOrientationPortrait UIInterfaceOrientationLandscapeLeft UIInterfaceOrientationLandscapeRight";
				IPHONEOS_DEPLOYMENT_TARGET = 18.0;
				LD_RUNPATH_SEARCH_PATHS = (
					"$(inherited)",
					"@executable_path/Frameworks",
				);
				MARKETING_VERSION = 2.2.0;
				OTHER_LDFLAGS = "-ObjC";
				PRODUCT_BUNDLE_IDENTIFIER = com.antonnovoselov.VivaDicta;
				PRODUCT_NAME = "$(TARGET_NAME)";
				STRING_CATALOG_GENERATE_SYMBOLS = YES;
				SWIFT_APPROACHABLE_CONCURRENCY = YES;
				SWIFT_DEFAULT_ACTOR_ISOLATION = MainActor;
				SWIFT_EMIT_LOC_STRINGS = YES;
				SWIFT_UPCOMING_FEATURE_EXISTENTIAL_ANY = YES;
				SWIFT_UPCOMING_FEATURE_MEMBER_IMPORT_VISIBILITY = YES;
				SWIFT_VERSION = 6.2;
				TARGETED_DEVICE_FAMILY = "1,2";
			};
			name = Release;
		};
		18351E5D2E634FF000944940 /* Debug */ = {
			isa = XCBuildConfiguration;
			buildSettings = {
				BUNDLE_LOADER = "$(TEST_HOST)";
				CODE_SIGN_STYLE = Automatic;
				CURRENT_PROJECT_VERSION = 2201;
				DEVELOPMENT_TEAM = 358V8FBM3U;
				GENERATE_INFOPLIST_FILE = YES;
				IPHONEOS_DEPLOYMENT_TARGET = 18.0;
				MARKETING_VERSION = 2.2.0;
				PRODUCT_BUNDLE_IDENTIFIER = com.antonnovoselov.VivaDictaTests;
				PRODUCT_NAME = "$(TARGET_NAME)";
				STRING_CATALOG_GENERATE_SYMBOLS = NO;
				SWIFT_APPROACHABLE_CONCURRENCY = YES;
				SWIFT_DEFAULT_ACTOR_ISOLATION = MainActor;
				SWIFT_EMIT_LOC_STRINGS = NO;
				SWIFT_STRICT_CONCURRENCY = complete;
				SWIFT_UPCOMING_FEATURE_GLOBAL_CONCURRENCY = YES;
				SWIFT_UPCOMING_FEATURE_MEMBER_IMPORT_VISIBILITY = YES;
				SWIFT_UPCOMING_FEATURE_REGION_BASED_ISOLATION = YES;
				SWIFT_VERSION = 6.2;
				TARGETED_DEVICE_FAMILY = "1,2";
				TEST_HOST = "$(BUILT_PRODUCTS_DIR)/VivaDicta.app/$(BUNDLE_EXECUTABLE_FOLDER_PATH)/VivaDicta";
			};
			name = Debug;
		};
		18351E5E2E634FF000944940 /* Release */ = {
			isa = XCBuildConfiguration;
			buildSettings = {
				BUNDLE_LOADER = "$(TEST_HOST)";
				CODE_SIGN_STYLE = Automatic;
				CURRENT_PROJECT_VERSION = 2201;
				DEVELOPMENT_TEAM = 358V8FBM3U;
				GENERATE_INFOPLIST_FILE = YES;
				IPHONEOS_DEPLOYMENT_TARGET = 18.0;
				MARKETING_VERSION = 2.2.0;
				PRODUCT_BUNDLE_IDENTIFIER = com.antonnovoselov.VivaDictaTests;
				PRODUCT_NAME = "$(TARGET_NAME)";
				STRING_CATALOG_GENERATE_SYMBOLS = NO;
				SWIFT_APPROACHABLE_CONCURRENCY = YES;
				SWIFT_DEFAULT_ACTOR_ISOLATION = MainActor;
				SWIFT_EMIT_LOC_STRINGS = NO;
				SWIFT_STRICT_CONCURRENCY = complete;
				SWIFT_UPCOMING_FEATURE_GLOBAL_CONCURRENCY = YES;
				SWIFT_UPCOMING_FEATURE_MEMBER_IMPORT_VISIBILITY = YES;
				SWIFT_UPCOMING_FEATURE_REGION_BASED_ISOLATION = YES;
				SWIFT_VERSION = 6.2;
				TARGETED_DEVICE_FAMILY = "1,2";
				TEST_HOST = "$(BUILT_PRODUCTS_DIR)/VivaDicta.app/$(BUNDLE_EXECUTABLE_FOLDER_PATH)/VivaDicta";
			};
			name = Release;
		};
		189C7A962F0C6822004BAFBF /* Debug */ = {
			isa = XCBuildConfiguration;
			buildSettings = {
				CODE_SIGN_ENTITLEMENTS = ShareExtension/ShareExtension.entitlements;
				CODE_SIGN_STYLE = Automatic;
				CURRENT_PROJECT_VERSION = 2201;
				DEVELOPMENT_TEAM = 358V8FBM3U;
				GENERATE_INFOPLIST_FILE = YES;
				INFOPLIST_FILE = ShareExtension/Info.plist;
				INFOPLIST_KEY_CFBundleDisplayName = ShareExtension;
				INFOPLIST_KEY_NSHumanReadableCopyright = "";
				IPHONEOS_DEPLOYMENT_TARGET = 18.0;
				LD_RUNPATH_SEARCH_PATHS = (
					"$(inherited)",
					"@executable_path/Frameworks",
					"@executable_path/../../Frameworks",
				);
				MARKETING_VERSION = 2.2.0;
				PRODUCT_BUNDLE_IDENTIFIER = com.antonnovoselov.VivaDicta.ShareExtension;
				PRODUCT_NAME = "$(TARGET_NAME)";
				SKIP_INSTALL = YES;
				STRING_CATALOG_GENERATE_SYMBOLS = YES;
				SWIFT_APPROACHABLE_CONCURRENCY = YES;
				SWIFT_EMIT_LOC_STRINGS = YES;
				SWIFT_UPCOMING_FEATURE_MEMBER_IMPORT_VISIBILITY = YES;
				SWIFT_VERSION = 6.2;
				TARGETED_DEVICE_FAMILY = "1,2";
			};
			name = Debug;
		};
		189C7A972F0C6822004BAFBF /* Release */ = {
			isa = XCBuildConfiguration;
			buildSettings = {
				CODE_SIGN_ENTITLEMENTS = ShareExtension/ShareExtension.entitlements;
				CODE_SIGN_STYLE = Automatic;
				CURRENT_PROJECT_VERSION = 2201;
				DEVELOPMENT_TEAM = 358V8FBM3U;
				GENERATE_INFOPLIST_FILE = YES;
				INFOPLIST_FILE = ShareExtension/Info.plist;
				INFOPLIST_KEY_CFBundleDisplayName = ShareExtension;
				INFOPLIST_KEY_NSHumanReadableCopyright = "";
				IPHONEOS_DEPLOYMENT_TARGET = 18.0;
				LD_RUNPATH_SEARCH_PATHS = (
					"$(inherited)",
					"@executable_path/Frameworks",
					"@executable_path/../../Frameworks",
				);
				MARKETING_VERSION = 2.2.0;
				PRODUCT_BUNDLE_IDENTIFIER = com.antonnovoselov.VivaDicta.ShareExtension;
				PRODUCT_NAME = "$(TARGET_NAME)";
				SKIP_INSTALL = YES;
				STRING_CATALOG_GENERATE_SYMBOLS = YES;
				SWIFT_APPROACHABLE_CONCURRENCY = YES;
				SWIFT_EMIT_LOC_STRINGS = YES;
				SWIFT_UPCOMING_FEATURE_MEMBER_IMPORT_VISIBILITY = YES;
				SWIFT_VERSION = 6.2;
				TARGETED_DEVICE_FAMILY = "1,2";
			};
			name = Release;
		};
		189C7ABE2F0D84E2004BAFBF /* Debug */ = {
			isa = XCBuildConfiguration;
			buildSettings = {
				CODE_SIGN_ENTITLEMENTS = ActionExtension/ActionExtension.entitlements;
				CODE_SIGN_STYLE = Automatic;
				CURRENT_PROJECT_VERSION = 2201;
				DEVELOPMENT_TEAM = 358V8FBM3U;
				GENERATE_INFOPLIST_FILE = YES;
				INFOPLIST_FILE = ActionExtension/Info.plist;
				INFOPLIST_KEY_CFBundleDisplayName = "Transcribe with VivaDicta";
				INFOPLIST_KEY_NSHumanReadableCopyright = "";
				IPHONEOS_DEPLOYMENT_TARGET = 18.0;
				LD_RUNPATH_SEARCH_PATHS = (
					"$(inherited)",
					"@executable_path/Frameworks",
					"@executable_path/../../Frameworks",
				);
				MARKETING_VERSION = 2.2.0;
				PRODUCT_BUNDLE_IDENTIFIER = com.antonnovoselov.VivaDicta.ActionExtension;
				PRODUCT_NAME = "$(TARGET_NAME)";
				SKIP_INSTALL = YES;
				STRING_CATALOG_GENERATE_SYMBOLS = YES;
				SWIFT_APPROACHABLE_CONCURRENCY = YES;
				SWIFT_EMIT_LOC_STRINGS = YES;
				SWIFT_UPCOMING_FEATURE_MEMBER_IMPORT_VISIBILITY = YES;
				SWIFT_VERSION = 6.2;
				TARGETED_DEVICE_FAMILY = "1,2";
			};
			name = Debug;
		};
		189C7ABF2F0D84E2004BAFBF /* Release */ = {
			isa = XCBuildConfiguration;
			buildSettings = {
				CODE_SIGN_ENTITLEMENTS = ActionExtension/ActionExtension.entitlements;
				CODE_SIGN_STYLE = Automatic;
				CURRENT_PROJECT_VERSION = 2201;
				DEVELOPMENT_TEAM = 358V8FBM3U;
				GENERATE_INFOPLIST_FILE = YES;
				INFOPLIST_FILE = ActionExtension/Info.plist;
				INFOPLIST_KEY_CFBundleDisplayName = "Transcribe with VivaDicta";
				INFOPLIST_KEY_NSHumanReadableCopyright = "";
				IPHONEOS_DEPLOYMENT_TARGET = 18.0;
				LD_RUNPATH_SEARCH_PATHS = (
					"$(inherited)",
					"@executable_path/Frameworks",
					"@executable_path/../../Frameworks",
				);
				MARKETING_VERSION = 2.2.0;
				PRODUCT_BUNDLE_IDENTIFIER = com.antonnovoselov.VivaDicta.ActionExtension;
				PRODUCT_NAME = "$(TARGET_NAME)";
				SKIP_INSTALL = YES;
				STRING_CATALOG_GENERATE_SYMBOLS = YES;
				SWIFT_APPROACHABLE_CONCURRENCY = YES;
				SWIFT_EMIT_LOC_STRINGS = YES;
				SWIFT_UPCOMING_FEATURE_MEMBER_IMPORT_VISIBILITY = YES;
				SWIFT_VERSION = 6.2;
				TARGETED_DEVICE_FAMILY = "1,2";
			};
			name = Release;
		};
		18B497D52F267F2500538830 /* QA */ = {
			isa = XCBuildConfiguration;
			baseConfigurationReferenceAnchor = 181D04D92E3E55E400D357A6 /* VivaDicta */;
			baseConfigurationReferenceRelativePath = QA.xcconfig;
			buildSettings = {
				ALWAYS_SEARCH_USER_PATHS = NO;
				ASSETCATALOG_COMPILER_GENERATE_SWIFT_ASSET_SYMBOL_EXTENSIONS = YES;
				CLANG_ANALYZER_NONNULL = YES;
				CLANG_ANALYZER_NUMBER_OBJECT_CONVERSION = YES_AGGRESSIVE;
				CLANG_CXX_LANGUAGE_STANDARD = "gnu++20";
				CLANG_ENABLE_MODULES = YES;
				CLANG_ENABLE_OBJC_ARC = YES;
				CLANG_ENABLE_OBJC_WEAK = YES;
				CLANG_WARN_BLOCK_CAPTURE_AUTORELEASING = YES;
				CLANG_WARN_BOOL_CONVERSION = YES;
				CLANG_WARN_COMMA = YES;
				CLANG_WARN_CONSTANT_CONVERSION = YES;
				CLANG_WARN_DEPRECATED_OBJC_IMPLEMENTATIONS = YES;
				CLANG_WARN_DIRECT_OBJC_ISA_USAGE = YES_ERROR;
				CLANG_WARN_DOCUMENTATION_COMMENTS = YES;
				CLANG_WARN_EMPTY_BODY = YES;
				CLANG_WARN_ENUM_CONVERSION = YES;
				CLANG_WARN_INFINITE_RECURSION = YES;
				CLANG_WARN_INT_CONVERSION = YES;
				CLANG_WARN_NON_LITERAL_NULL_CONVERSION = YES;
				CLANG_WARN_OBJC_IMPLICIT_RETAIN_SELF = YES;
				CLANG_WARN_OBJC_LITERAL_CONVERSION = YES;
				CLANG_WARN_OBJC_ROOT_CLASS = YES_ERROR;
				CLANG_WARN_QUOTED_INCLUDE_IN_FRAMEWORK_HEADER = YES;
				CLANG_WARN_RANGE_LOOP_ANALYSIS = YES;
				CLANG_WARN_STRICT_PROTOTYPES = YES;
				CLANG_WARN_SUSPICIOUS_MOVE = YES;
				CLANG_WARN_UNGUARDED_AVAILABILITY = YES_AGGRESSIVE;
				CLANG_WARN_UNREACHABLE_CODE = YES;
				CLANG_WARN__DUPLICATE_METHOD_MATCH = YES;
				COPY_PHASE_STRIP = NO;
				DEBUG_INFORMATION_FORMAT = "dwarf-with-dsym";
				DEVELOPMENT_TEAM = TDX2FNZ56U;
				ENABLE_STRICT_OBJC_MSGSEND = YES;
				ENABLE_TESTABILITY = YES;
				ENABLE_USER_SCRIPT_SANDBOXING = YES;
				GCC_C_LANGUAGE_STANDARD = gnu17;
				GCC_DYNAMIC_NO_PIC = NO;
				GCC_NO_COMMON_BLOCKS = YES;
				GCC_OPTIMIZATION_LEVEL = 0;
				GCC_PREPROCESSOR_DEFINITIONS = (
					"DEBUG=1",
					"$(inherited)",
				);
				GCC_WARN_64_TO_32_BIT_CONVERSION = YES;
				GCC_WARN_ABOUT_RETURN_TYPE = YES_ERROR;
				GCC_WARN_UNDECLARED_SELECTOR = YES;
				GCC_WARN_UNINITIALIZED_AUTOS = YES_AGGRESSIVE;
				GCC_WARN_UNUSED_FUNCTION = YES;
				GCC_WARN_UNUSED_VARIABLE = YES;
				IPHONEOS_DEPLOYMENT_TARGET = 26.0;
				LOCALIZATION_PREFERS_STRING_CATALOGS = YES;
				MTL_ENABLE_DEBUG_INFO = INCLUDE_SOURCE;
				MTL_FAST_MATH = YES;
				ONLY_ACTIVE_ARCH = YES;
				SDKROOT = iphoneos;
				SWIFT_APPROACHABLE_CONCURRENCY = YES;
				SWIFT_DEFAULT_ACTOR_ISOLATION = MainActor;
				SWIFT_OPTIMIZATION_LEVEL = "-Onone";
				SWIFT_VERSION = 6.2;
			};
			name = QA;
		};
		18B497D62F267F2500538830 /* QA */ = {
			isa = XCBuildConfiguration;
			buildSettings = {
				ASSETCATALOG_COMPILER_APPICON_NAME = AppIcon3;
				ASSETCATALOG_COMPILER_GLOBAL_ACCENT_COLOR_NAME = AccentColor;
				CODE_SIGN_ENTITLEMENTS = VivaDicta/VivaDicta.entitlements;
				CODE_SIGN_STYLE = Automatic;
				CURRENT_PROJECT_VERSION = 2201;
				DEBUG_INFORMATION_FORMAT = "dwarf-with-dsym";
				DEVELOPMENT_TEAM = 358V8FBM3U;
				ENABLE_PREVIEWS = YES;
				GENERATE_INFOPLIST_FILE = YES;
				INFOPLIST_FILE = VivaDicta/Info.plist;
				INFOPLIST_KEY_NSMicrophoneUsageDescription = "VivaDicta uses the microphone to record your speech and transcribe it into text using on-device or cloud speech recognition.";
				INFOPLIST_KEY_NSSupportsLiveActivities = YES;
				INFOPLIST_KEY_UIApplicationSceneManifest_Generation = YES;
				INFOPLIST_KEY_UIApplicationSupportsIndirectInputEvents = YES;
				INFOPLIST_KEY_UILaunchScreen_Generation = YES;
				INFOPLIST_KEY_UISupportedInterfaceOrientations_iPad = "UIInterfaceOrientationPortrait UIInterfaceOrientationPortraitUpsideDown UIInterfaceOrientationLandscapeLeft UIInterfaceOrientationLandscapeRight";
				INFOPLIST_KEY_UISupportedInterfaceOrientations_iPhone = "UIInterfaceOrientationPortrait UIInterfaceOrientationLandscapeLeft UIInterfaceOrientationLandscapeRight";
				IPHONEOS_DEPLOYMENT_TARGET = 18.0;
				LD_RUNPATH_SEARCH_PATHS = (
					"$(inherited)",
					"@executable_path/Frameworks",
				);
				MARKETING_VERSION = 2.2.0;
				OTHER_LDFLAGS = "-ObjC";
				PRODUCT_BUNDLE_IDENTIFIER = com.antonnovoselov.VivaDicta;
				PRODUCT_NAME = "$(TARGET_NAME)";
				STRING_CATALOG_GENERATE_SYMBOLS = YES;
				SWIFT_APPROACHABLE_CONCURRENCY = YES;
				SWIFT_DEFAULT_ACTOR_ISOLATION = MainActor;
				SWIFT_EMIT_LOC_STRINGS = YES;
				SWIFT_UPCOMING_FEATURE_EXISTENTIAL_ANY = YES;
				SWIFT_UPCOMING_FEATURE_MEMBER_IMPORT_VISIBILITY = YES;
				SWIFT_VERSION = 6.2;
				TARGETED_DEVICE_FAMILY = "1,2";
			};
			name = QA;
		};
		18B497D72F267F2500538830 /* QA */ = {
			isa = XCBuildConfiguration;
			buildSettings = {
				BUNDLE_LOADER = "$(TEST_HOST)";
				CODE_SIGN_STYLE = Automatic;
				CURRENT_PROJECT_VERSION = 2201;
				DEVELOPMENT_TEAM = 358V8FBM3U;
				GENERATE_INFOPLIST_FILE = YES;
				IPHONEOS_DEPLOYMENT_TARGET = 18.0;
				MARKETING_VERSION = 2.2.0;
				PRODUCT_BUNDLE_IDENTIFIER = com.antonnovoselov.VivaDictaTests;
				PRODUCT_NAME = "$(TARGET_NAME)";
				STRING_CATALOG_GENERATE_SYMBOLS = NO;
				SWIFT_APPROACHABLE_CONCURRENCY = YES;
				SWIFT_DEFAULT_ACTOR_ISOLATION = MainActor;
				SWIFT_EMIT_LOC_STRINGS = NO;
				SWIFT_STRICT_CONCURRENCY = complete;
				SWIFT_UPCOMING_FEATURE_GLOBAL_CONCURRENCY = YES;
				SWIFT_UPCOMING_FEATURE_MEMBER_IMPORT_VISIBILITY = YES;
				SWIFT_UPCOMING_FEATURE_REGION_BASED_ISOLATION = YES;
				SWIFT_VERSION = 6.2;
				TARGETED_DEVICE_FAMILY = "1,2";
				TEST_HOST = "$(BUILT_PRODUCTS_DIR)/VivaDicta.app/$(BUNDLE_EXECUTABLE_FOLDER_PATH)/VivaDicta";
			};
			name = QA;
		};
		18B497D82F267F2500538830 /* QA */ = {
			isa = XCBuildConfiguration;
			buildSettings = {
				CODE_SIGN_ENTITLEMENTS = VivaDictaKeyboard/VivaDictaKeyboard.entitlements;
				CODE_SIGN_STYLE = Automatic;
				CURRENT_PROJECT_VERSION = 2201;
				DEVELOPMENT_TEAM = 358V8FBM3U;
				GENERATE_INFOPLIST_FILE = YES;
				INFOPLIST_FILE = VivaDictaKeyboard/Info.plist;
				INFOPLIST_KEY_CFBundleDisplayName = VivaDicta;
				INFOPLIST_KEY_NSHumanReadableCopyright = "";
				IPHONEOS_DEPLOYMENT_TARGET = 18.0;
				LD_RUNPATH_SEARCH_PATHS = (
					"$(inherited)",
					"@executable_path/Frameworks",
					"@executable_path/../../Frameworks",
				);
				MARKETING_VERSION = 2.2.0;
				PRODUCT_BUNDLE_IDENTIFIER = com.antonnovoselov.VivaDicta.VivaDictaKeyboard;
				PRODUCT_NAME = "$(TARGET_NAME)";
				SKIP_INSTALL = YES;
				STRING_CATALOG_GENERATE_SYMBOLS = YES;
				SWIFT_APPROACHABLE_CONCURRENCY = YES;
				SWIFT_DEFAULT_ACTOR_ISOLATION = MainActor;
				SWIFT_EMIT_LOC_STRINGS = YES;
				SWIFT_UPCOMING_FEATURE_MEMBER_IMPORT_VISIBILITY = YES;
				SWIFT_VERSION = 6.2;
				TARGETED_DEVICE_FAMILY = "1,2";
			};
			name = QA;
		};
		18B497D92F267F2500538830 /* QA */ = {
			isa = XCBuildConfiguration;
			buildSettings = {
				ASSETCATALOG_COMPILER_GLOBAL_ACCENT_COLOR_NAME = AccentColor;
				ASSETCATALOG_COMPILER_WIDGET_BACKGROUND_COLOR_NAME = WidgetBackground;
				CODE_SIGN_STYLE = Automatic;
				CURRENT_PROJECT_VERSION = 2201;
				DEVELOPMENT_TEAM = 358V8FBM3U;
				GENERATE_INFOPLIST_FILE = YES;
				INFOPLIST_FILE = VivaDictaWidget/Info.plist;
				INFOPLIST_KEY_CFBundleDisplayName = VivaDictaWidget;
				INFOPLIST_KEY_NSHumanReadableCopyright = "";
				IPHONEOS_DEPLOYMENT_TARGET = 18.0;
				LD_RUNPATH_SEARCH_PATHS = (
					"$(inherited)",
					"@executable_path/Frameworks",
					"@executable_path/../../Frameworks",
				);
				MARKETING_VERSION = 2.2.0;
				PRODUCT_BUNDLE_IDENTIFIER = com.antonnovoselov.VivaDicta.VivaDictaWidget;
				PRODUCT_NAME = "$(TARGET_NAME)";
				SKIP_INSTALL = YES;
				STRING_CATALOG_GENERATE_SYMBOLS = YES;
				SWIFT_APPROACHABLE_CONCURRENCY = YES;
				SWIFT_DEFAULT_ACTOR_ISOLATION = MainActor;
				SWIFT_EMIT_LOC_STRINGS = YES;
				SWIFT_STRICT_CONCURRENCY = complete;
				SWIFT_UPCOMING_FEATURE_DYNAMIC_ACTOR_ISOLATION = YES;
				SWIFT_UPCOMING_FEATURE_MEMBER_IMPORT_VISIBILITY = YES;
				SWIFT_UPCOMING_FEATURE_REGION_BASED_ISOLATION = YES;
				SWIFT_VERSION = 6.2;
				TARGETED_DEVICE_FAMILY = "1,2";
			};
			name = QA;
		};
		18B497DA2F267F2500538830 /* QA */ = {
			isa = XCBuildConfiguration;
			buildSettings = {
				CODE_SIGN_ENTITLEMENTS = ShareExtension/ShareExtension.entitlements;
				CODE_SIGN_STYLE = Automatic;
				CURRENT_PROJECT_VERSION = 2201;
				DEVELOPMENT_TEAM = 358V8FBM3U;
				GENERATE_INFOPLIST_FILE = YES;
				INFOPLIST_FILE = ShareExtension/Info.plist;
				INFOPLIST_KEY_CFBundleDisplayName = ShareExtension;
				INFOPLIST_KEY_NSHumanReadableCopyright = "";
				IPHONEOS_DEPLOYMENT_TARGET = 18.0;
				LD_RUNPATH_SEARCH_PATHS = (
					"$(inherited)",
					"@executable_path/Frameworks",
					"@executable_path/../../Frameworks",
				);
				MARKETING_VERSION = 2.2.0;
				PRODUCT_BUNDLE_IDENTIFIER = com.antonnovoselov.VivaDicta.ShareExtension;
				PRODUCT_NAME = "$(TARGET_NAME)";
				SKIP_INSTALL = YES;
				STRING_CATALOG_GENERATE_SYMBOLS = YES;
				SWIFT_APPROACHABLE_CONCURRENCY = YES;
				SWIFT_EMIT_LOC_STRINGS = YES;
				SWIFT_UPCOMING_FEATURE_MEMBER_IMPORT_VISIBILITY = YES;
				SWIFT_VERSION = 6.2;
				TARGETED_DEVICE_FAMILY = "1,2";
			};
			name = QA;
		};
		18B497DB2F267F2500538830 /* QA */ = {
			isa = XCBuildConfiguration;
			buildSettings = {
				CODE_SIGN_ENTITLEMENTS = ActionExtension/ActionExtension.entitlements;
				CODE_SIGN_STYLE = Automatic;
				CURRENT_PROJECT_VERSION = 2201;
				DEVELOPMENT_TEAM = 358V8FBM3U;
				GENERATE_INFOPLIST_FILE = YES;
				INFOPLIST_FILE = ActionExtension/Info.plist;
				INFOPLIST_KEY_CFBundleDisplayName = "Transcribe with VivaDicta";
				INFOPLIST_KEY_NSHumanReadableCopyright = "";
				IPHONEOS_DEPLOYMENT_TARGET = 18.0;
				LD_RUNPATH_SEARCH_PATHS = (
					"$(inherited)",
					"@executable_path/Frameworks",
					"@executable_path/../../Frameworks",
				);
				MARKETING_VERSION = 2.2.0;
				PRODUCT_BUNDLE_IDENTIFIER = com.antonnovoselov.VivaDicta.ActionExtension;
				PRODUCT_NAME = "$(TARGET_NAME)";
				SKIP_INSTALL = YES;
				STRING_CATALOG_GENERATE_SYMBOLS = YES;
				SWIFT_APPROACHABLE_CONCURRENCY = YES;
				SWIFT_EMIT_LOC_STRINGS = YES;
				SWIFT_UPCOMING_FEATURE_MEMBER_IMPORT_VISIBILITY = YES;
				SWIFT_VERSION = 6.2;
				TARGETED_DEVICE_FAMILY = "1,2";
			};
			name = QA;
		};
		18BA24152F7ED0D700C4F68B /* Debug */ = {
			isa = XCBuildConfiguration;
			buildSettings = {
				ASSETCATALOG_COMPILER_APPICON_NAME = WatchAppIcon;
				ASSETCATALOG_COMPILER_GLOBAL_ACCENT_COLOR_NAME = AccentColor;
				CODE_SIGN_STYLE = Automatic;
				CURRENT_PROJECT_VERSION = 2201;
				DEVELOPMENT_TEAM = 358V8FBM3U;
				ENABLE_PREVIEWS = YES;
				GENERATE_INFOPLIST_FILE = YES;
				INFOPLIST_FILE = "VivaDictaWatch-Watch-App-Info.plist";
				INFOPLIST_KEY_CFBundleDisplayName = VivaDicta;
				INFOPLIST_KEY_NSMicrophoneUsageDescription = "VivaDicta records audio on your Apple Watch and sends it to your iPhone for transcription.";
				INFOPLIST_KEY_UISupportedInterfaceOrientations = "UIInterfaceOrientationPortrait UIInterfaceOrientationPortraitUpsideDown";
				INFOPLIST_KEY_WKCompanionAppBundleIdentifier = com.antonnovoselov.VivaDicta;
				LD_RUNPATH_SEARCH_PATHS = (
					"$(inherited)",
					"@executable_path/Frameworks",
				);
				MARKETING_VERSION = 2.2.0;
				PRODUCT_BUNDLE_IDENTIFIER = com.antonnovoselov.VivaDicta.watchkitapp;
				PRODUCT_NAME = "$(TARGET_NAME)";
				SDKROOT = watchos;
				SKIP_INSTALL = YES;
				STRING_CATALOG_GENERATE_SYMBOLS = YES;
				SWIFT_ACTIVE_COMPILATION_CONDITIONS = "DEBUG $(inherited)";
				SWIFT_APPROACHABLE_CONCURRENCY = YES;
				SWIFT_DEFAULT_ACTOR_ISOLATION = MainActor;
				SWIFT_EMIT_LOC_STRINGS = YES;
				SWIFT_UPCOMING_FEATURE_MEMBER_IMPORT_VISIBILITY = YES;
				SWIFT_VERSION = 6.2;
				TARGETED_DEVICE_FAMILY = 4;
				WATCHOS_DEPLOYMENT_TARGET = 10.0;
			};
			name = Debug;
		};
		18BA24162F7ED0D700C4F68B /* QA */ = {
			isa = XCBuildConfiguration;
			buildSettings = {
				ASSETCATALOG_COMPILER_APPICON_NAME = WatchAppIcon;
				ASSETCATALOG_COMPILER_GLOBAL_ACCENT_COLOR_NAME = AccentColor;
				CODE_SIGN_STYLE = Automatic;
				CURRENT_PROJECT_VERSION = 2201;
				DEVELOPMENT_TEAM = 358V8FBM3U;
				ENABLE_PREVIEWS = YES;
				GENERATE_INFOPLIST_FILE = YES;
				INFOPLIST_FILE = "VivaDictaWatch-Watch-App-Info.plist";
				INFOPLIST_KEY_CFBundleDisplayName = VivaDicta;
				INFOPLIST_KEY_NSMicrophoneUsageDescription = "VivaDicta records audio on your Apple Watch and sends it to your iPhone for transcription.";
				INFOPLIST_KEY_UISupportedInterfaceOrientations = "UIInterfaceOrientationPortrait UIInterfaceOrientationPortraitUpsideDown";
				INFOPLIST_KEY_WKCompanionAppBundleIdentifier = com.antonnovoselov.VivaDicta;
				LD_RUNPATH_SEARCH_PATHS = (
					"$(inherited)",
					"@executable_path/Frameworks",
				);
				MARKETING_VERSION = 2.2.0;
				PRODUCT_BUNDLE_IDENTIFIER = com.antonnovoselov.VivaDicta.watchkitapp;
				PRODUCT_NAME = "$(TARGET_NAME)";
				SDKROOT = watchos;
				SKIP_INSTALL = YES;
				STRING_CATALOG_GENERATE_SYMBOLS = YES;
				SWIFT_APPROACHABLE_CONCURRENCY = YES;
				SWIFT_DEFAULT_ACTOR_ISOLATION = MainActor;
				SWIFT_EMIT_LOC_STRINGS = YES;
				SWIFT_UPCOMING_FEATURE_MEMBER_IMPORT_VISIBILITY = YES;
				SWIFT_VERSION = 6.2;
				TARGETED_DEVICE_FAMILY = 4;
				WATCHOS_DEPLOYMENT_TARGET = 10.0;
			};
			name = QA;
		};
		18BA24172F7ED0D700C4F68B /* Release */ = {
			isa = XCBuildConfiguration;
			buildSettings = {
				ASSETCATALOG_COMPILER_APPICON_NAME = WatchAppIcon;
				ASSETCATALOG_COMPILER_GLOBAL_ACCENT_COLOR_NAME = AccentColor;
				CODE_SIGN_STYLE = Automatic;
				CURRENT_PROJECT_VERSION = 2201;
				DEVELOPMENT_TEAM = 358V8FBM3U;
				ENABLE_PREVIEWS = YES;
				GENERATE_INFOPLIST_FILE = YES;
				INFOPLIST_FILE = "VivaDictaWatch-Watch-App-Info.plist";
				INFOPLIST_KEY_CFBundleDisplayName = VivaDicta;
				INFOPLIST_KEY_NSMicrophoneUsageDescription = "VivaDicta records audio on your Apple Watch and sends it to your iPhone for transcription.";
				INFOPLIST_KEY_UISupportedInterfaceOrientations = "UIInterfaceOrientationPortrait UIInterfaceOrientationPortraitUpsideDown";
				INFOPLIST_KEY_WKCompanionAppBundleIdentifier = com.antonnovoselov.VivaDicta;
				LD_RUNPATH_SEARCH_PATHS = (
					"$(inherited)",
					"@executable_path/Frameworks",
				);
				MARKETING_VERSION = 2.2.0;
				PRODUCT_BUNDLE_IDENTIFIER = com.antonnovoselov.VivaDicta.watchkitapp;
				PRODUCT_NAME = "$(TARGET_NAME)";
				SDKROOT = watchos;
				SKIP_INSTALL = YES;
				STRING_CATALOG_GENERATE_SYMBOLS = YES;
				SWIFT_APPROACHABLE_CONCURRENCY = YES;
				SWIFT_DEFAULT_ACTOR_ISOLATION = MainActor;
				SWIFT_EMIT_LOC_STRINGS = YES;
				SWIFT_UPCOMING_FEATURE_MEMBER_IMPORT_VISIBILITY = YES;
				SWIFT_VERSION = 6.2;
				TARGETED_DEVICE_FAMILY = 4;
				WATCHOS_DEPLOYMENT_TARGET = 10.0;
			};
			name = Release;
		};
		18BA24182F7ED0D700C4F68B /* Debug */ = {
			isa = XCBuildConfiguration;
			buildSettings = {
				BUNDLE_LOADER = "$(TEST_HOST)";
				CODE_SIGN_STYLE = Automatic;
				CURRENT_PROJECT_VERSION = 2201;
				DEVELOPMENT_TEAM = 358V8FBM3U;
				GENERATE_INFOPLIST_FILE = YES;
				MARKETING_VERSION = 2.2.0;
				PRODUCT_BUNDLE_IDENTIFIER = "com.antonnovoselov.VivaDictaWatch-Watch-AppTests";
				PRODUCT_NAME = "$(TARGET_NAME)";
				SDKROOT = watchos;
				STRING_CATALOG_GENERATE_SYMBOLS = NO;
				SWIFT_ACTIVE_COMPILATION_CONDITIONS = "DEBUG $(inherited)";
				SWIFT_APPROACHABLE_CONCURRENCY = YES;
				SWIFT_EMIT_LOC_STRINGS = NO;
				SWIFT_UPCOMING_FEATURE_MEMBER_IMPORT_VISIBILITY = YES;
				SWIFT_VERSION = 6.2;
				TARGETED_DEVICE_FAMILY = 4;
				TEST_HOST = "$(BUILT_PRODUCTS_DIR)/VivaDictaWatch Watch App.app/$(BUNDLE_EXECUTABLE_FOLDER_PATH)/VivaDictaWatch Watch App";
				WATCHOS_DEPLOYMENT_TARGET = 10.0;
			};
			name = Debug;
		};
		18BA24192F7ED0D700C4F68B /* QA */ = {
			isa = XCBuildConfiguration;
			buildSettings = {
				BUNDLE_LOADER = "$(TEST_HOST)";
				CODE_SIGN_STYLE = Automatic;
				CURRENT_PROJECT_VERSION = 2201;
				DEVELOPMENT_TEAM = 358V8FBM3U;
				GENERATE_INFOPLIST_FILE = YES;
				MARKETING_VERSION = 2.2.0;
				PRODUCT_BUNDLE_IDENTIFIER = "com.antonnovoselov.VivaDictaWatch-Watch-AppTests";
				PRODUCT_NAME = "$(TARGET_NAME)";
				SDKROOT = watchos;
				STRING_CATALOG_GENERATE_SYMBOLS = NO;
				SWIFT_APPROACHABLE_CONCURRENCY = YES;
				SWIFT_EMIT_LOC_STRINGS = NO;
				SWIFT_UPCOMING_FEATURE_MEMBER_IMPORT_VISIBILITY = YES;
				SWIFT_VERSION = 6.2;
				TARGETED_DEVICE_FAMILY = 4;
				TEST_HOST = "$(BUILT_PRODUCTS_DIR)/VivaDictaWatch Watch App.app/$(BUNDLE_EXECUTABLE_FOLDER_PATH)/VivaDictaWatch Watch App";
				WATCHOS_DEPLOYMENT_TARGET = 10.0;
			};
			name = QA;
		};
		18BA241A2F7ED0D700C4F68B /* Release */ = {
			isa = XCBuildConfiguration;
			buildSettings = {
				BUNDLE_LOADER = "$(TEST_HOST)";
				CODE_SIGN_STYLE = Automatic;
				CURRENT_PROJECT_VERSION = 2201;
				DEVELOPMENT_TEAM = 358V8FBM3U;
				GENERATE_INFOPLIST_FILE = YES;
				MARKETING_VERSION = 2.2.0;
				PRODUCT_BUNDLE_IDENTIFIER = "com.antonnovoselov.VivaDictaWatch-Watch-AppTests";
				PRODUCT_NAME = "$(TARGET_NAME)";
				SDKROOT = watchos;
				STRING_CATALOG_GENERATE_SYMBOLS = NO;
				SWIFT_APPROACHABLE_CONCURRENCY = YES;
				SWIFT_EMIT_LOC_STRINGS = NO;
				SWIFT_UPCOMING_FEATURE_MEMBER_IMPORT_VISIBILITY = YES;
				SWIFT_VERSION = 6.2;
				TARGETED_DEVICE_FAMILY = 4;
				TEST_HOST = "$(BUILT_PRODUCTS_DIR)/VivaDictaWatch Watch App.app/$(BUNDLE_EXECUTABLE_FOLDER_PATH)/VivaDictaWatch Watch App";
				WATCHOS_DEPLOYMENT_TARGET = 10.0;
			};
			name = Release;
		};
		18BA241B2F7ED0D700C4F68B /* Debug */ = {
			isa = XCBuildConfiguration;
			buildSettings = {
				CODE_SIGN_STYLE = Automatic;
				CURRENT_PROJECT_VERSION = 2201;
				DEVELOPMENT_TEAM = 358V8FBM3U;
				GENERATE_INFOPLIST_FILE = YES;
				MARKETING_VERSION = 2.2.0;
				PRODUCT_BUNDLE_IDENTIFIER = "com.antonnovoselov.VivaDictaWatch-Watch-AppUITests";
				PRODUCT_NAME = "$(TARGET_NAME)";
				SDKROOT = watchos;
				STRING_CATALOG_GENERATE_SYMBOLS = NO;
				SWIFT_ACTIVE_COMPILATION_CONDITIONS = "DEBUG $(inherited)";
				SWIFT_APPROACHABLE_CONCURRENCY = YES;
				SWIFT_EMIT_LOC_STRINGS = NO;
				SWIFT_UPCOMING_FEATURE_MEMBER_IMPORT_VISIBILITY = YES;
				SWIFT_VERSION = 6.2;
				TARGETED_DEVICE_FAMILY = 4;
				TEST_TARGET_NAME = "VivaDictaWatch Watch App";
				WATCHOS_DEPLOYMENT_TARGET = 10.0;
			};
			name = Debug;
		};
		18BA241C2F7ED0D700C4F68B /* QA */ = {
			isa = XCBuildConfiguration;
			buildSettings = {
				CODE_SIGN_STYLE = Automatic;
				CURRENT_PROJECT_VERSION = 2201;
				DEVELOPMENT_TEAM = 358V8FBM3U;
				GENERATE_INFOPLIST_FILE = YES;
				MARKETING_VERSION = 2.2.0;
				PRODUCT_BUNDLE_IDENTIFIER = "com.antonnovoselov.VivaDictaWatch-Watch-AppUITests";
				PRODUCT_NAME = "$(TARGET_NAME)";
				SDKROOT = watchos;
				STRING_CATALOG_GENERATE_SYMBOLS = NO;
				SWIFT_APPROACHABLE_CONCURRENCY = YES;
				SWIFT_EMIT_LOC_STRINGS = NO;
				SWIFT_UPCOMING_FEATURE_MEMBER_IMPORT_VISIBILITY = YES;
				SWIFT_VERSION = 6.2;
				TARGETED_DEVICE_FAMILY = 4;
				TEST_TARGET_NAME = "VivaDictaWatch Watch App";
				WATCHOS_DEPLOYMENT_TARGET = 10.0;
			};
			name = QA;
		};
		18BA241D2F7ED0D700C4F68B /* Release */ = {
			isa = XCBuildConfiguration;
			buildSettings = {
				CODE_SIGN_STYLE = Automatic;
				CURRENT_PROJECT_VERSION = 2201;
				DEVELOPMENT_TEAM = 358V8FBM3U;
				GENERATE_INFOPLIST_FILE = YES;
				MARKETING_VERSION = 2.2.0;
				PRODUCT_BUNDLE_IDENTIFIER = "com.antonnovoselov.VivaDictaWatch-Watch-AppUITests";
				PRODUCT_NAME = "$(TARGET_NAME)";
				SDKROOT = watchos;
				STRING_CATALOG_GENERATE_SYMBOLS = NO;
				SWIFT_APPROACHABLE_CONCURRENCY = YES;
				SWIFT_EMIT_LOC_STRINGS = NO;
				SWIFT_UPCOMING_FEATURE_MEMBER_IMPORT_VISIBILITY = YES;
				SWIFT_VERSION = 6.2;
				TARGETED_DEVICE_FAMILY = 4;
				TEST_TARGET_NAME = "VivaDictaWatch Watch App";
				WATCHOS_DEPLOYMENT_TARGET = 10.0;
			};
			name = Release;
		};
		18BA29382F7F29FE00C4F68B /* Debug */ = {
			isa = XCBuildConfiguration;
			buildSettings = {
				ASSETCATALOG_COMPILER_GLOBAL_ACCENT_COLOR_NAME = AccentColor;
				ASSETCATALOG_COMPILER_WIDGET_BACKGROUND_COLOR_NAME = WidgetBackground;
				CODE_SIGN_STYLE = Automatic;
				CURRENT_PROJECT_VERSION = 2201;
				DEVELOPMENT_TEAM = 358V8FBM3U;
				GENERATE_INFOPLIST_FILE = YES;
				INFOPLIST_FILE = VivaDictaWatchWidget/Info.plist;
				INFOPLIST_KEY_CFBundleDisplayName = VivaDictaWatchWidget;
				INFOPLIST_KEY_NSHumanReadableCopyright = "";
				LD_RUNPATH_SEARCH_PATHS = (
					"$(inherited)",
					"@executable_path/Frameworks",
					"@executable_path/../../Frameworks",
					"@executable_path/../../../../Frameworks",
				);
				MARKETING_VERSION = 2.2.0;
				PRODUCT_BUNDLE_IDENTIFIER = com.antonnovoselov.VivaDicta.watchkitapp.VivaDictaWatchWidget;
				PRODUCT_NAME = "$(TARGET_NAME)";
				SDKROOT = watchos;
				SKIP_INSTALL = YES;
				STRING_CATALOG_GENERATE_SYMBOLS = YES;
				SWIFT_ACTIVE_COMPILATION_CONDITIONS = "DEBUG $(inherited)";
				SWIFT_APPROACHABLE_CONCURRENCY = YES;
				SWIFT_EMIT_LOC_STRINGS = YES;
				SWIFT_UPCOMING_FEATURE_MEMBER_IMPORT_VISIBILITY = YES;
				SWIFT_VERSION = 6.2;
				TARGETED_DEVICE_FAMILY = 4;
				WATCHOS_DEPLOYMENT_TARGET = 10.0;
			};
			name = Debug;
		};
		18BA29392F7F29FE00C4F68B /* QA */ = {
			isa = XCBuildConfiguration;
			buildSettings = {
				ASSETCATALOG_COMPILER_GLOBAL_ACCENT_COLOR_NAME = AccentColor;
				ASSETCATALOG_COMPILER_WIDGET_BACKGROUND_COLOR_NAME = WidgetBackground;
				CODE_SIGN_STYLE = Automatic;
				CURRENT_PROJECT_VERSION = 2201;
				DEVELOPMENT_TEAM = 358V8FBM3U;
				GENERATE_INFOPLIST_FILE = YES;
				INFOPLIST_FILE = VivaDictaWatchWidget/Info.plist;
				INFOPLIST_KEY_CFBundleDisplayName = VivaDictaWatchWidget;
				INFOPLIST_KEY_NSHumanReadableCopyright = "";
				LD_RUNPATH_SEARCH_PATHS = (
					"$(inherited)",
					"@executable_path/Frameworks",
					"@executable_path/../../Frameworks",
					"@executable_path/../../../../Frameworks",
				);
				MARKETING_VERSION = 2.2.0;
				PRODUCT_BUNDLE_IDENTIFIER = com.antonnovoselov.VivaDicta.watchkitapp.VivaDictaWatchWidget;
				PRODUCT_NAME = "$(TARGET_NAME)";
				SDKROOT = watchos;
				SKIP_INSTALL = YES;
				STRING_CATALOG_GENERATE_SYMBOLS = YES;
				SWIFT_APPROACHABLE_CONCURRENCY = YES;
				SWIFT_EMIT_LOC_STRINGS = YES;
				SWIFT_UPCOMING_FEATURE_MEMBER_IMPORT_VISIBILITY = YES;
				SWIFT_VERSION = 6.2;
				TARGETED_DEVICE_FAMILY = 4;
				WATCHOS_DEPLOYMENT_TARGET = 10.0;
			};
			name = QA;
		};
		18BA293A2F7F29FE00C4F68B /* Release */ = {
			isa = XCBuildConfiguration;
			buildSettings = {
				ASSETCATALOG_COMPILER_GLOBAL_ACCENT_COLOR_NAME = AccentColor;
				ASSETCATALOG_COMPILER_WIDGET_BACKGROUND_COLOR_NAME = WidgetBackground;
				CODE_SIGN_STYLE = Automatic;
				CURRENT_PROJECT_VERSION = 2201;
				DEVELOPMENT_TEAM = 358V8FBM3U;
				GENERATE_INFOPLIST_FILE = YES;
				INFOPLIST_FILE = VivaDictaWatchWidget/Info.plist;
				INFOPLIST_KEY_CFBundleDisplayName = VivaDictaWatchWidget;
				INFOPLIST_KEY_NSHumanReadableCopyright = "";
				LD_RUNPATH_SEARCH_PATHS = (
					"$(inherited)",
					"@executable_path/Frameworks",
					"@executable_path/../../Frameworks",
					"@executable_path/../../../../Frameworks",
				);
				MARKETING_VERSION = 2.2.0;
				PRODUCT_BUNDLE_IDENTIFIER = com.antonnovoselov.VivaDicta.watchkitapp.VivaDictaWatchWidget;
				PRODUCT_NAME = "$(TARGET_NAME)";
				SDKROOT = watchos;
				SKIP_INSTALL = YES;
				STRING_CATALOG_GENERATE_SYMBOLS = YES;
				SWIFT_APPROACHABLE_CONCURRENCY = YES;
				SWIFT_EMIT_LOC_STRINGS = YES;
				SWIFT_UPCOMING_FEATURE_MEMBER_IMPORT_VISIBILITY = YES;
				SWIFT_VERSION = 6.2;
				TARGETED_DEVICE_FAMILY = 4;
				WATCHOS_DEPLOYMENT_TARGET = 10.0;
			};
			name = Release;
		};
		18E1B4A82E8C6FF400BE8A11 /* Debug */ = {
			isa = XCBuildConfiguration;
			buildSettings = {
				CODE_SIGN_ENTITLEMENTS = VivaDictaKeyboard/VivaDictaKeyboard.entitlements;
				CODE_SIGN_STYLE = Automatic;
				CURRENT_PROJECT_VERSION = 2201;
				DEVELOPMENT_TEAM = 358V8FBM3U;
				GENERATE_INFOPLIST_FILE = YES;
				INFOPLIST_FILE = VivaDictaKeyboard/Info.plist;
				INFOPLIST_KEY_CFBundleDisplayName = VivaDicta;
				INFOPLIST_KEY_NSHumanReadableCopyright = "";
				IPHONEOS_DEPLOYMENT_TARGET = 18.0;
				LD_RUNPATH_SEARCH_PATHS = (
					"$(inherited)",
					"@executable_path/Frameworks",
					"@executable_path/../../Frameworks",
				);
				MARKETING_VERSION = 2.2.0;
				PRODUCT_BUNDLE_IDENTIFIER = com.antonnovoselov.VivaDicta.VivaDictaKeyboard;
				PRODUCT_NAME = "$(TARGET_NAME)";
				SKIP_INSTALL = YES;
				STRING_CATALOG_GENERATE_SYMBOLS = YES;
				SWIFT_APPROACHABLE_CONCURRENCY = YES;
				SWIFT_DEFAULT_ACTOR_ISOLATION = MainActor;
				SWIFT_EMIT_LOC_STRINGS = YES;
				SWIFT_UPCOMING_FEATURE_MEMBER_IMPORT_VISIBILITY = YES;
				SWIFT_VERSION = 6.2;
				TARGETED_DEVICE_FAMILY = "1,2";
			};
			name = Debug;
		};
		18E1B4A92E8C6FF400BE8A11 /* Release */ = {
			isa = XCBuildConfiguration;
			buildSettings = {
				CODE_SIGN_ENTITLEMENTS = VivaDictaKeyboard/VivaDictaKeyboard.entitlements;
				CODE_SIGN_STYLE = Automatic;
				CURRENT_PROJECT_VERSION = 2201;
				DEVELOPMENT_TEAM = 358V8FBM3U;
				GENERATE_INFOPLIST_FILE = YES;
				INFOPLIST_FILE = VivaDictaKeyboard/Info.plist;
				INFOPLIST_KEY_CFBundleDisplayName = VivaDicta;
				INFOPLIST_KEY_NSHumanReadableCopyright = "";
				IPHONEOS_DEPLOYMENT_TARGET = 18.0;
				LD_RUNPATH_SEARCH_PATHS = (
					"$(inherited)",
					"@executable_path/Frameworks",
					"@executable_path/../../Frameworks",
				);
				MARKETING_VERSION = 2.2.0;
				PRODUCT_BUNDLE_IDENTIFIER = com.antonnovoselov.VivaDicta.VivaDictaKeyboard;
				PRODUCT_NAME = "$(TARGET_NAME)";
				SKIP_INSTALL = YES;
				STRING_CATALOG_GENERATE_SYMBOLS = YES;
				SWIFT_APPROACHABLE_CONCURRENCY = YES;
				SWIFT_DEFAULT_ACTOR_ISOLATION = MainActor;
				SWIFT_EMIT_LOC_STRINGS = YES;
				SWIFT_UPCOMING_FEATURE_MEMBER_IMPORT_VISIBILITY = YES;
				SWIFT_VERSION = 6.2;
				TARGETED_DEVICE_FAMILY = "1,2";
			};
			name = Release;
		};
		18E1C8112E8E793F00BE8A11 /* Debug */ = {
			isa = XCBuildConfiguration;
			buildSettings = {
				ASSETCATALOG_COMPILER_GLOBAL_ACCENT_COLOR_NAME = AccentColor;
				ASSETCATALOG_COMPILER_WIDGET_BACKGROUND_COLOR_NAME = WidgetBackground;
				CODE_SIGN_STYLE = Automatic;
				CURRENT_PROJECT_VERSION = 2201;
				DEVELOPMENT_TEAM = 358V8FBM3U;
				GENERATE_INFOPLIST_FILE = YES;
				INFOPLIST_FILE = VivaDictaWidget/Info.plist;
				INFOPLIST_KEY_CFBundleDisplayName = VivaDictaWidget;
				INFOPLIST_KEY_NSHumanReadableCopyright = "";
				IPHONEOS_DEPLOYMENT_TARGET = 18.0;
				LD_RUNPATH_SEARCH_PATHS = (
					"$(inherited)",
					"@executable_path/Frameworks",
					"@executable_path/../../Frameworks",
				);
				MARKETING_VERSION = 2.2.0;
				PRODUCT_BUNDLE_IDENTIFIER = com.antonnovoselov.VivaDicta.VivaDictaWidget;
				PRODUCT_NAME = "$(TARGET_NAME)";
				SKIP_INSTALL = YES;
				STRING_CATALOG_GENERATE_SYMBOLS = YES;
				SWIFT_APPROACHABLE_CONCURRENCY = YES;
				SWIFT_DEFAULT_ACTOR_ISOLATION = MainActor;
				SWIFT_EMIT_LOC_STRINGS = YES;
				SWIFT_STRICT_CONCURRENCY = complete;
				SWIFT_UPCOMING_FEATURE_DYNAMIC_ACTOR_ISOLATION = YES;
				SWIFT_UPCOMING_FEATURE_MEMBER_IMPORT_VISIBILITY = YES;
				SWIFT_UPCOMING_FEATURE_REGION_BASED_ISOLATION = YES;
				SWIFT_VERSION = 6.2;
				TARGETED_DEVICE_FAMILY = "1,2";
			};
			name = Debug;
		};
		18E1C8122E8E793F00BE8A11 /* Release */ = {
			isa = XCBuildConfiguration;
			buildSettings = {
				ASSETCATALOG_COMPILER_GLOBAL_ACCENT_COLOR_NAME = AccentColor;
				ASSETCATALOG_COMPILER_WIDGET_BACKGROUND_COLOR_NAME = WidgetBackground;
				CODE_SIGN_STYLE = Automatic;
				CURRENT_PROJECT_VERSION = 2201;
				DEVELOPMENT_TEAM = 358V8FBM3U;
				GENERATE_INFOPLIST_FILE = YES;
				INFOPLIST_FILE = VivaDictaWidget/Info.plist;
				INFOPLIST_KEY_CFBundleDisplayName = VivaDictaWidget;
				INFOPLIST_KEY_NSHumanReadableCopyright = "";
				IPHONEOS_DEPLOYMENT_TARGET = 18.0;
				LD_RUNPATH_SEARCH_PATHS = (
					"$(inherited)",
					"@executable_path/Frameworks",
					"@executable_path/../../Frameworks",
				);
				MARKETING_VERSION = 2.2.0;
				PRODUCT_BUNDLE_IDENTIFIER = com.antonnovoselov.VivaDicta.VivaDictaWidget;
				PRODUCT_NAME = "$(TARGET_NAME)";
				SKIP_INSTALL = YES;
				STRING_CATALOG_GENERATE_SYMBOLS = YES;
				SWIFT_APPROACHABLE_CONCURRENCY = YES;
				SWIFT_DEFAULT_ACTOR_ISOLATION = MainActor;
				SWIFT_EMIT_LOC_STRINGS = YES;
				SWIFT_STRICT_CONCURRENCY = complete;
				SWIFT_UPCOMING_FEATURE_DYNAMIC_ACTOR_ISOLATION = YES;
				SWIFT_UPCOMING_FEATURE_MEMBER_IMPORT_VISIBILITY = YES;
				SWIFT_UPCOMING_FEATURE_REGION_BASED_ISOLATION = YES;
				SWIFT_VERSION = 6.2;
				TARGETED_DEVICE_FAMILY = "1,2";
			};
			name = Release;
		};
/* End XCBuildConfiguration section */

/* Begin XCConfigurationList section */
		181D04D22E3E55E400D357A6 /* Build configuration list for PBXProject "VivaDicta" */ = {
			isa = XCConfigurationList;
			buildConfigurations = (
				181D04E02E3E55E500D357A6 /* Debug */,
				18B497D52F267F2500538830 /* QA */,
				181D04E12E3E55E500D357A6 /* Release */,
			);
			defaultConfigurationIsVisible = 0;
			defaultConfigurationName = Release;
		};
		181D04E22E3E55E500D357A6 /* Build configuration list for PBXNativeTarget "VivaDicta" */ = {
			isa = XCConfigurationList;
			buildConfigurations = (
				181D04E32E3E55E500D357A6 /* Debug */,
				18B497D62F267F2500538830 /* QA */,
				181D04E42E3E55E500D357A6 /* Release */,
			);
			defaultConfigurationIsVisible = 0;
			defaultConfigurationName = Release;
		};
		18351E5F2E634FF000944940 /* Build configuration list for PBXNativeTarget "VivaDictaTests" */ = {
			isa = XCConfigurationList;
			buildConfigurations = (
				18351E5D2E634FF000944940 /* Debug */,
				18B497D72F267F2500538830 /* QA */,
				18351E5E2E634FF000944940 /* Release */,
			);
			defaultConfigurationIsVisible = 0;
			defaultConfigurationName = Release;
		};
		189C7A982F0C6822004BAFBF /* Build configuration list for PBXNativeTarget "ShareExtension" */ = {
			isa = XCConfigurationList;
			buildConfigurations = (
				189C7A962F0C6822004BAFBF /* Debug */,
				18B497DA2F267F2500538830 /* QA */,
				189C7A972F0C6822004BAFBF /* Release */,
			);
			defaultConfigurationIsVisible = 0;
			defaultConfigurationName = Release;
		};
		189C7ABD2F0D84E2004BAFBF /* Build configuration list for PBXNativeTarget "ActionExtension" */ = {
			isa = XCConfigurationList;
			buildConfigurations = (
				189C7ABE2F0D84E2004BAFBF /* Debug */,
				18B497DB2F267F2500538830 /* QA */,
				189C7ABF2F0D84E2004BAFBF /* Release */,
			);
			defaultConfigurationIsVisible = 0;
			defaultConfigurationName = Release;
		};
		18BA241E2F7ED0D700C4F68B /* Build configuration list for PBXNativeTarget "VivaDictaWatch Watch App" */ = {
			isa = XCConfigurationList;
			buildConfigurations = (
				18BA24152F7ED0D700C4F68B /* Debug */,
				18BA24162F7ED0D700C4F68B /* QA */,
				18BA24172F7ED0D700C4F68B /* Release */,
			);
			defaultConfigurationIsVisible = 0;
			defaultConfigurationName = Release;
		};
		18BA241F2F7ED0D700C4F68B /* Build configuration list for PBXNativeTarget "VivaDictaWatch Watch AppTests" */ = {
			isa = XCConfigurationList;
			buildConfigurations = (
				18BA24182F7ED0D700C4F68B /* Debug */,
				18BA24192F7ED0D700C4F68B /* QA */,
				18BA241A2F7ED0D700C4F68B /* Release */,
			);
			defaultConfigurationIsVisible = 0;
			defaultConfigurationName = Release;
		};
		18BA24202F7ED0D700C4F68B /* Build configuration list for PBXNativeTarget "VivaDictaWatch Watch AppUITests" */ = {
			isa = XCConfigurationList;
			buildConfigurations = (
				18BA241B2F7ED0D700C4F68B /* Debug */,
				18BA241C2F7ED0D700C4F68B /* QA */,
				18BA241D2F7ED0D700C4F68B /* Release */,
			);
			defaultConfigurationIsVisible = 0;
			defaultConfigurationName = Release;
		};
		18BA29372F7F29FE00C4F68B /* Build configuration list for PBXNativeTarget "VivaDictaWatchWidgetExtension" */ = {
			isa = XCConfigurationList;
			buildConfigurations = (
				18BA29382F7F29FE00C4F68B /* Debug */,
				18BA29392F7F29FE00C4F68B /* QA */,
				18BA293A2F7F29FE00C4F68B /* Release */,
			);
			defaultConfigurationIsVisible = 0;
			defaultConfigurationName = Release;
		};
		18E1B4A72E8C6FF400BE8A11 /* Build configuration list for PBXNativeTarget "VivaDictaKeyboard" */ = {
			isa = XCConfigurationList;
			buildConfigurations = (
				18E1B4A82E8C6FF400BE8A11 /* Debug */,
				18B497D82F267F2500538830 /* QA */,
				18E1B4A92E8C6FF400BE8A11 /* Release */,
			);
			defaultConfigurationIsVisible = 0;
			defaultConfigurationName = Release;
		};
		18E1C8102E8E793F00BE8A11 /* Build configuration list for PBXNativeTarget "VivaDictaWidgetExtension" */ = {
			isa = XCConfigurationList;
			buildConfigurations = (
				18E1C8112E8E793F00BE8A11 /* Debug */,
				18B497D92F267F2500538830 /* QA */,
				18E1C8122E8E793F00BE8A11 /* Release */,
			);
			defaultConfigurationIsVisible = 0;
			defaultConfigurationName = Release;
		};
/* End XCConfigurationList section */

/* Begin XCRemoteSwiftPackageReference section */
		181D0CFF2E42355600D357A6 /* XCRemoteSwiftPackageReference "SiriWaveView" */ = {
			isa = XCRemoteSwiftPackageReference;
			repositoryURL = "https://github.com/alfianlosari/SiriWaveView";
			requirement = {
				kind = exactVersion;
				version = 1.1.0;
			};
		};
		18B497EE2F268B2700538830 /* XCRemoteSwiftPackageReference "firebase-ios-sdk" */ = {
			isa = XCRemoteSwiftPackageReference;
			repositoryURL = "https://github.com/firebase/firebase-ios-sdk";
			requirement = {
				kind = upToNextMajorVersion;
				minimumVersion = 12.8.0;
			};
		};
		18E1B4AB2E8C875000BE8A11 /* XCRemoteSwiftPackageReference "KeyboardKit" */ = {
			isa = XCRemoteSwiftPackageReference;
			repositoryURL = "https://github.com/KeyboardKit/KeyboardKit.git";
			requirement = {
				kind = exactVersion;
				version = 10.3.1;
			};
		};
		18E328F52E894C3D0026327D /* XCRemoteSwiftPackageReference "WhisperKit" */ = {
			isa = XCRemoteSwiftPackageReference;
			repositoryURL = "https://github.com/argmaxinc/WhisperKit.git";
			requirement = {
				kind = exactVersion;
				version = 0.15.0;
			};
		};
		18EBD6B12ED1FBFB00C0041E /* XCRemoteSwiftPackageReference "FluidAudio" */ = {
			isa = XCRemoteSwiftPackageReference;
			repositoryURL = "https://github.com/FluidInference/FluidAudio";
			requirement = {
				kind = exactVersion;
				version = 0.8.0;
			};
		};
/* End XCRemoteSwiftPackageReference section */

/* Begin XCSwiftPackageProductDependency section */
		181D0D002E42355600D357A6 /* SiriWaveView */ = {
			isa = XCSwiftPackageProductDependency;
			package = 181D0CFF2E42355600D357A6 /* XCRemoteSwiftPackageReference "SiriWaveView" */;
			productName = SiriWaveView;
		};
		186E2F912EA690DF00B19EDF /* SiriWaveView */ = {
			isa = XCSwiftPackageProductDependency;
			package = 181D0CFF2E42355600D357A6 /* XCRemoteSwiftPackageReference "SiriWaveView" */;
			productName = SiriWaveView;
		};
		189C7AA62F0D4A6E004BAFBF /* FluidAudio */ = {
			isa = XCSwiftPackageProductDependency;
			package = 18EBD6B12ED1FBFB00C0041E /* XCRemoteSwiftPackageReference "FluidAudio" */;
			productName = FluidAudio;
		};
		189C7ACE2F0D8749004BAFBF /* FluidAudio */ = {
			isa = XCSwiftPackageProductDependency;
			package = 18EBD6B12ED1FBFB00C0041E /* XCRemoteSwiftPackageReference "FluidAudio" */;
			productName = FluidAudio;
		};
		18B497EF2F268B2700538830 /* FirebaseAnalytics */ = {
			isa = XCSwiftPackageProductDependency;
			package = 18B497EE2F268B2700538830 /* XCRemoteSwiftPackageReference "firebase-ios-sdk" */;
			productName = FirebaseAnalytics;
		};
		18B497F12F268B2700538830 /* FirebaseCrashlytics */ = {
			isa = XCSwiftPackageProductDependency;
			package = 18B497EE2F268B2700538830 /* XCRemoteSwiftPackageReference "firebase-ios-sdk" */;
			productName = FirebaseCrashlytics;
		};
		18E1B4AC2E8C875000BE8A11 /* KeyboardKit */ = {
			isa = XCSwiftPackageProductDependency;
			package = 18E1B4AB2E8C875000BE8A11 /* XCRemoteSwiftPackageReference "KeyboardKit" */;
			productName = KeyboardKit;
		};
		18E1B4AE2E8C875A00BE8A11 /* KeyboardKit */ = {
			isa = XCSwiftPackageProductDependency;
			package = 18E1B4AB2E8C875000BE8A11 /* XCRemoteSwiftPackageReference "KeyboardKit" */;
			productName = KeyboardKit;
		};
		18E328F62E894C3D0026327D /* WhisperKit */ = {
			isa = XCSwiftPackageProductDependency;
			package = 18E328F52E894C3D0026327D /* XCRemoteSwiftPackageReference "WhisperKit" */;
			productName = WhisperKit;
		};
		18EBD6B22ED1FBFB00C0041E /* FluidAudio */ = {
			isa = XCSwiftPackageProductDependency;
			package = 18EBD6B12ED1FBFB00C0041E /* XCRemoteSwiftPackageReference "FluidAudio" */;
			productName = FluidAudio;
		};
		18EBD7982ED1FCC600C0041E /* FluidAudio */ = {
			isa = XCSwiftPackageProductDependency;
			package = 18EBD6B12ED1FBFB00C0041E /* XCRemoteSwiftPackageReference "FluidAudio" */;
			productName = FluidAudio;
		};
/* End XCSwiftPackageProductDependency section */
	};
	rootObject = 181D04CF2E3E55E400D357A6 /* Project object */;
}
