// !$*UTF8*$!
{
	archiveVersion = 1;
	classes = {
	};
	objectVersion = 77;
	objects = {

/* Begin PBXBuildFile section */
		181D0D012E42355600D357A6 /* SiriWaveView in Frameworks */ = {isa = PBXBuildFile; productRef = 181D0D002E42355600D357A6 /* SiriWaveView */; };
		186E2F922EA690DF00B19EDF /* SiriWaveView in Frameworks */ = {isa = PBXBuildFile; productRef = 186E2F912EA690DF00B19EDF /* SiriWaveView */; };
		18E1B4A52E8C6FF400BE8A11 /* VivaDictaKeyboard.appex in Embed Foundation Extensions */ = {isa = PBXBuildFile; fileRef = 18E1B49E2E8C6FF400BE8A11 /* VivaDictaKeyboard.appex */; settings = {ATTRIBUTES = (RemoveHeadersOnCopy, ); }; };
		18E1B4AD2E8C875000BE8A11 /* KeyboardKit in Frameworks */ = {isa = PBXBuildFile; productRef = 18E1B4AC2E8C875000BE8A11 /* KeyboardKit */; };
		18E1B4AF2E8C875A00BE8A11 /* KeyboardKit in Frameworks */ = {isa = PBXBuildFile; productRef = 18E1B4AE2E8C875A00BE8A11 /* KeyboardKit */; };
		18E1C7FC2E8E793E00BE8A11 /* WidgetKit.framework in Frameworks */ = {isa = PBXBuildFile; fileRef = 18E1C7FB2E8E793E00BE8A11 /* WidgetKit.framework */; };
		18E1C7FE2E8E793E00BE8A11 /* SwiftUI.framework in Frameworks */ = {isa = PBXBuildFile; fileRef = 18E1C7FD2E8E793E00BE8A11 /* SwiftUI.framework */; };
		18E1C80F2E8E793F00BE8A11 /* VivaDictaWidgetExtension.appex in Embed Foundation Extensions */ = {isa = PBXBuildFile; fileRef = 18E1C7FA2E8E793E00BE8A11 /* VivaDictaWidgetExtension.appex */; settings = {ATTRIBUTES = (RemoveHeadersOnCopy, ); }; };
		18E328F72E894C3D0026327D /* WhisperKit in Frameworks */ = {isa = PBXBuildFile; productRef = 18E328F62E894C3D0026327D /* WhisperKit */; };
		18EBD6B32ED1FBFB00C0041E /* FluidAudio in Frameworks */ = {isa = PBXBuildFile; productRef = 18EBD6B22ED1FBFB00C0041E /* FluidAudio */; };
		18EBD7992ED1FCC600C0041E /* FluidAudio in Frameworks */ = {isa = PBXBuildFile; productRef = 18EBD7982ED1FCC600C0041E /* FluidAudio */; };
/* End PBXBuildFile section */

/* Begin PBXContainerItemProxy section */
		18351E5B2E634FF000944940 /* PBXContainerItemProxy */ = {
			isa = PBXContainerItemProxy;
			containerPortal = 181D04CF2E3E55E400D357A6 /* Project object */;
			proxyType = 1;
			remoteGlobalIDString = 181D04D62E3E55E400D357A6;
			remoteInfo = VivaDicta;
		};
		18E1B4A32E8C6FF400BE8A11 /* PBXContainerItemProxy */ = {
			isa = PBXContainerItemProxy;
			containerPortal = 181D04CF2E3E55E400D357A6 /* Project object */;
			proxyType = 1;
			remoteGlobalIDString = 18E1B49D2E8C6FF400BE8A11;
			remoteInfo = VivaDictaKeyboard;
		};
		18E1C80D2E8E793F00BE8A11 /* PBXContainerItemProxy */ = {
			isa = PBXContainerItemProxy;
			containerPortal = 181D04CF2E3E55E400D357A6 /* Project object */;
			proxyType = 1;
			remoteGlobalIDString = 18E1C7F92E8E793E00BE8A11;
			remoteInfo = VivaDictaWidgetExtension;
		};
/* End PBXContainerItemProxy section */

/* Begin PBXCopyFilesBuildPhase section */
		180E1D6C2E4A994800AE33B1 /* Embed Frameworks */ = {
			isa = PBXCopyFilesBuildPhase;
			buildActionMask = 2147483647;
			dstPath = "";
			dstSubfolderSpec = 10;
			files = (
			);
			name = "Embed Frameworks";
			runOnlyForDeploymentPostprocessing = 0;
		};
		18E1B4AA2E8C6FF400BE8A11 /* Embed Foundation Extensions */ = {
			isa = PBXCopyFilesBuildPhase;
			buildActionMask = 2147483647;
			dstPath = "";
			dstSubfolderSpec = 13;
			files = (
				18E1C80F2E8E793F00BE8A11 /* VivaDictaWidgetExtension.appex in Embed Foundation Extensions */,
				18E1B4A52E8C6FF400BE8A11 /* VivaDictaKeyboard.appex in Embed Foundation Extensions */,
			);
			name = "Embed Foundation Extensions";
			runOnlyForDeploymentPostprocessing = 0;
		};
/* End PBXCopyFilesBuildPhase section */

/* Begin PBXFileReference section */
		181D04D72E3E55E400D357A6 /* VivaDicta.app */ = {isa = PBXFileReference; explicitFileType = wrapper.application; includeInIndex = 0; path = VivaDicta.app; sourceTree = BUILT_PRODUCTS_DIR; };
		18351E572E634FF000944940 /* VivaDictaTests.xctest */ = {isa = PBXFileReference; explicitFileType = wrapper.cfbundle; includeInIndex = 0; path = VivaDictaTests.xctest; sourceTree = BUILT_PRODUCTS_DIR; };
		1855BB842E96C8560038F3D9 /* VivaDicta.xctestplan */ = {isa = PBXFileReference; lastKnownFileType = text; path = VivaDicta.xctestplan; sourceTree = "<group>"; };
		18E1B49E2E8C6FF400BE8A11 /* VivaDictaKeyboard.appex */ = {isa = PBXFileReference; explicitFileType = "wrapper.app-extension"; includeInIndex = 0; path = VivaDictaKeyboard.appex; sourceTree = BUILT_PRODUCTS_DIR; };
		18E1C7FA2E8E793E00BE8A11 /* VivaDictaWidgetExtension.appex */ = {isa = PBXFileReference; explicitFileType = "wrapper.app-extension"; includeInIndex = 0; path = VivaDictaWidgetExtension.appex; sourceTree = BUILT_PRODUCTS_DIR; };
		18E1C7FB2E8E793E00BE8A11 /* WidgetKit.framework */ = {isa = PBXFileReference; lastKnownFileType = wrapper.framework; name = WidgetKit.framework; path = System/Library/Frameworks/WidgetKit.framework; sourceTree = SDKROOT; };
		18E1C7FD2E8E793E00BE8A11 /* SwiftUI.framework */ = {isa = PBXFileReference; lastKnownFileType = wrapper.framework; name = SwiftUI.framework; path = System/Library/Frameworks/SwiftUI.framework; sourceTree = SDKROOT; };
/* End PBXFileReference section */

/* Begin PBXFileSystemSynchronizedBuildFileExceptionSet section */
		186E24542EA199EF00B19EDF /* Exceptions for "VivaDicta" folder in "VivaDictaTests" target */ = {
			isa = PBXFileSystemSynchronizedBuildFileExceptionSet;
			membershipExceptions = (
				Utilities/LoggerExtension.swift,
			);
			target = 18351E562E634FF000944940 /* VivaDictaTests */;
		};
		18E1B4A62E8C6FF400BE8A11 /* Exceptions for "VivaDictaKeyboard" folder in "VivaDictaKeyboard" target */ = {
			isa = PBXFileSystemSynchronizedBuildFileExceptionSet;
			membershipExceptions = (
				Info.plist,
			);
			target = 18E1B49D2E8C6FF400BE8A11 /* VivaDictaKeyboard */;
		};
		18E1C3DD2E8E776C00BE8A11 /* Exceptions for "VivaDicta" folder in "VivaDicta" target */ = {
			isa = PBXFileSystemSynchronizedBuildFileExceptionSet;
			membershipExceptions = (
				Info.plist,
			);
			target = 181D04D62E3E55E400D357A6 /* VivaDicta */;
		};
		18E1C8132E8E793F00BE8A11 /* Exceptions for "VivaDictaWidget" folder in "VivaDictaWidgetExtension" target */ = {
			isa = PBXFileSystemSynchronizedBuildFileExceptionSet;
			membershipExceptions = (
				Info.plist,
			);
			target = 18E1C7F92E8E793E00BE8A11 /* VivaDictaWidgetExtension */;
		};
		18E1C8192E8E79D100BE8A11 /* Exceptions for "VivaDicta" folder in "VivaDictaWidgetExtension" target */ = {
			isa = PBXFileSystemSynchronizedBuildFileExceptionSet;
			membershipExceptions = (
				AppGroupCoordinator.swift,
				AppIntents/ToggleKeyboardFlowIntent.swift,
				AppIntents/ToggleRecordIntent.swift,
				Models/VivaDictaLiveActivityAttributes.swift,
				Utilities/LoggerExtension.swift,
				"Utils/Extensions/Color+Ext.swift",
				"Utils/Extensions/View+Ext.swift",
			);
			target = 18E1C7F92E8E793E00BE8A11 /* VivaDictaWidgetExtension */;
		};
		18E1C8232E8EE47200BE8A11 /* Exceptions for "VivaDicta" folder in "VivaDictaKeyboard" target */ = {
			isa = PBXFileSystemSynchronizedBuildFileExceptionSet;
			membershipExceptions = (
				AppGroupCoordinator.swift,
				"Extensions/FileManager+Directories.swift",
				Models/CloudModel.swift,
				Models/ParakeetModel.swift,
				Models/Persistence.swift,
				Models/Transcription.swift,
				Models/TranscriptionModel.swift,
				Models/TranscriptionModelProvider.swift,
				Models/WhisperKitModel.swift,
				Services/AIEnhance/AIProvider.swift,
				Services/AIEnhance/FlowMode.swift,
				Services/AIEnhance/UserPrompt.swift,
				Utilities/LoggerExtension.swift,
				"Utils/Extensions/Color+Ext.swift",
				"Utils/Extensions/View+Ext.swift",
				Utils/UserDefaultsStorage.swift,
			);
			target = 18E1B49D2E8C6FF400BE8A11 /* VivaDictaKeyboard */;
		};
/* End PBXFileSystemSynchronizedBuildFileExceptionSet section */

/* Begin PBXFileSystemSynchronizedRootGroup section */
		181D04D92E3E55E400D357A6 /* VivaDicta */ = {
			isa = PBXFileSystemSynchronizedRootGroup;
			exceptions = (
				18E1C3DD2E8E776C00BE8A11 /* Exceptions for "VivaDicta" folder in "VivaDicta" target */,
				186E24542EA199EF00B19EDF /* Exceptions for "VivaDicta" folder in "VivaDictaTests" target */,
				18E1C8232E8EE47200BE8A11 /* Exceptions for "VivaDicta" folder in "VivaDictaKeyboard" target */,
				18E1C8192E8E79D100BE8A11 /* Exceptions for "VivaDicta" folder in "VivaDictaWidgetExtension" target */,
			);
			path = VivaDicta;
			sourceTree = "<group>";
		};
		18351E582E634FF000944940 /* VivaDictaTests */ = {
			isa = PBXFileSystemSynchronizedRootGroup;
			path = VivaDictaTests;
			sourceTree = "<group>";
		};
		18E1B49F2E8C6FF400BE8A11 /* VivaDictaKeyboard */ = {
			isa = PBXFileSystemSynchronizedRootGroup;
			exceptions = (
				18E1B4A62E8C6FF400BE8A11 /* Exceptions for "VivaDictaKeyboard" folder in "VivaDictaKeyboard" target */,
			);
			path = VivaDictaKeyboard;
			sourceTree = "<group>";
		};
		18E1C7FF2E8E793E00BE8A11 /* VivaDictaWidget */ = {
			isa = PBXFileSystemSynchronizedRootGroup;
			exceptions = (
				18E1C8132E8E793F00BE8A11 /* Exceptions for "VivaDictaWidget" folder in "VivaDictaWidgetExtension" target */,
			);
			path = VivaDictaWidget;
			sourceTree = "<group>";
		};
/* End PBXFileSystemSynchronizedRootGroup section */

/* Begin PBXFrameworksBuildPhase section */
		181D04D42E3E55E400D357A6 /* Frameworks */ = {
			isa = PBXFrameworksBuildPhase;
			buildActionMask = 2147483647;
			files = (
				18EBD6B32ED1FBFB00C0041E /* FluidAudio in Frameworks */,
				18E328F72E894C3D0026327D /* WhisperKit in Frameworks */,
				18E1B4AD2E8C875000BE8A11 /* KeyboardKit in Frameworks */,
				181D0D012E42355600D357A6 /* SiriWaveView in Frameworks */,
			);
			runOnlyForDeploymentPostprocessing = 0;
		};
		18351E542E634FF000944940 /* Frameworks */ = {
			isa = PBXFrameworksBuildPhase;
			buildActionMask = 2147483647;
			files = (
			);
			runOnlyForDeploymentPostprocessing = 0;
		};
		18E1B49B2E8C6FF400BE8A11 /* Frameworks */ = {
			isa = PBXFrameworksBuildPhase;
			buildActionMask = 2147483647;
			files = (
				18E1B4AF2E8C875A00BE8A11 /* KeyboardKit in Frameworks */,
				18EBD7992ED1FCC600C0041E /* FluidAudio in Frameworks */,
				186E2F922EA690DF00B19EDF /* SiriWaveView in Frameworks */,
			);
			runOnlyForDeploymentPostprocessing = 0;
		};
		18E1C7F72E8E793E00BE8A11 /* Frameworks */ = {
			isa = PBXFrameworksBuildPhase;
			buildActionMask = 2147483647;
			files = (
				18E1C7FE2E8E793E00BE8A11 /* SwiftUI.framework in Frameworks */,
				18E1C7FC2E8E793E00BE8A11 /* WidgetKit.framework in Frameworks */,
			);
			runOnlyForDeploymentPostprocessing = 0;
		};
/* End PBXFrameworksBuildPhase section */

/* Begin PBXGroup section */
		180E1D682E4A994800AE33B1 /* Frameworks */ = {
			isa = PBXGroup;
			children = (
				18E1C7FB2E8E793E00BE8A11 /* WidgetKit.framework */,
				18E1C7FD2E8E793E00BE8A11 /* SwiftUI.framework */,
			);
			name = Frameworks;
			sourceTree = "<group>";
		};
		181D04CE2E3E55E400D357A6 = {
			isa = PBXGroup;
			children = (
				1855BB842E96C8560038F3D9 /* VivaDicta.xctestplan */,
				181D04D92E3E55E400D357A6 /* VivaDicta */,
				18351E582E634FF000944940 /* VivaDictaTests */,
				18E1B49F2E8C6FF400BE8A11 /* VivaDictaKeyboard */,
				18E1C7FF2E8E793E00BE8A11 /* VivaDictaWidget */,
				180E1D682E4A994800AE33B1 /* Frameworks */,
				181D04D82E3E55E400D357A6 /* Products */,
			);
			sourceTree = "<group>";
		};
		181D04D82E3E55E400D357A6 /* Products */ = {
			isa = PBXGroup;
			children = (
				181D04D72E3E55E400D357A6 /* VivaDicta.app */,
				18351E572E634FF000944940 /* VivaDictaTests.xctest */,
				18E1B49E2E8C6FF400BE8A11 /* VivaDictaKeyboard.appex */,
				18E1C7FA2E8E793E00BE8A11 /* VivaDictaWidgetExtension.appex */,
			);
			name = Products;
			sourceTree = "<group>";
		};
/* End PBXGroup section */

/* Begin PBXNativeTarget section */
		181D04D62E3E55E400D357A6 /* VivaDicta */ = {
			isa = PBXNativeTarget;
			buildConfigurationList = 181D04E22E3E55E500D357A6 /* Build configuration list for PBXNativeTarget "VivaDicta" */;
			buildPhases = (
				181D04D32E3E55E400D357A6 /* Sources */,
				181D04D42E3E55E400D357A6 /* Frameworks */,
				181D04D52E3E55E400D357A6 /* Resources */,
				180E1D6C2E4A994800AE33B1 /* Embed Frameworks */,
				18E1B4AA2E8C6FF400BE8A11 /* Embed Foundation Extensions */,
			);
			buildRules = (
			);
			dependencies = (
				18E1B4A42E8C6FF400BE8A11 /* PBXTargetDependency */,
				18E1C80E2E8E793F00BE8A11 /* PBXTargetDependency */,
			);
			fileSystemSynchronizedGroups = (
				181D04D92E3E55E400D357A6 /* VivaDicta */,
			);
			name = VivaDicta;
			packageProductDependencies = (
				181D0D002E42355600D357A6 /* SiriWaveView */,
				18E328F62E894C3D0026327D /* WhisperKit */,
				18E1B4AC2E8C875000BE8A11 /* KeyboardKit */,
				18EBD6B22ED1FBFB00C0041E /* FluidAudio */,
			);
			productName = VivaDicta;
			productReference = 181D04D72E3E55E400D357A6 /* VivaDicta.app */;
			productType = "com.apple.product-type.application";
		};
		18351E562E634FF000944940 /* VivaDictaTests */ = {
			isa = PBXNativeTarget;
			buildConfigurationList = 18351E5F2E634FF000944940 /* Build configuration list for PBXNativeTarget "VivaDictaTests" */;
			buildPhases = (
				18351E532E634FF000944940 /* Sources */,
				18351E542E634FF000944940 /* Frameworks */,
				18351E552E634FF000944940 /* Resources */,
			);
			buildRules = (
			);
			dependencies = (
				18351E5C2E634FF000944940 /* PBXTargetDependency */,
			);
			fileSystemSynchronizedGroups = (
				18351E582E634FF000944940 /* VivaDictaTests */,
			);
			name = VivaDictaTests;
			packageProductDependencies = (
			);
			productName = VivaDictaTests;
			productReference = 18351E572E634FF000944940 /* VivaDictaTests.xctest */;
			productType = "com.apple.product-type.bundle.unit-test";
		};
		18E1B49D2E8C6FF400BE8A11 /* VivaDictaKeyboard */ = {
			isa = PBXNativeTarget;
			buildConfigurationList = 18E1B4A72E8C6FF400BE8A11 /* Build configuration list for PBXNativeTarget "VivaDictaKeyboard" */;
			buildPhases = (
				18E1B49A2E8C6FF400BE8A11 /* Sources */,
				18E1B49B2E8C6FF400BE8A11 /* Frameworks */,
				18E1B49C2E8C6FF400BE8A11 /* Resources */,
			);
			buildRules = (
			);
			dependencies = (
			);
			fileSystemSynchronizedGroups = (
				18E1B49F2E8C6FF400BE8A11 /* VivaDictaKeyboard */,
			);
			name = VivaDictaKeyboard;
			packageProductDependencies = (
				18E1B4AE2E8C875A00BE8A11 /* KeyboardKit */,
				186E2F912EA690DF00B19EDF /* SiriWaveView */,
				18EBD7982ED1FCC600C0041E /* FluidAudio */,
			);
			productName = VivaDictaKeyboard;
			productReference = 18E1B49E2E8C6FF400BE8A11 /* VivaDictaKeyboard.appex */;
			productType = "com.apple.product-type.app-extension";
		};
		18E1C7F92E8E793E00BE8A11 /* VivaDictaWidgetExtension */ = {
			isa = PBXNativeTarget;
			buildConfigurationList = 18E1C8102E8E793F00BE8A11 /* Build configuration list for PBXNativeTarget "VivaDictaWidgetExtension" */;
			buildPhases = (
				18E1C7F62E8E793E00BE8A11 /* Sources */,
				18E1C7F72E8E793E00BE8A11 /* Frameworks */,
				18E1C7F82E8E793E00BE8A11 /* Resources */,
			);
			buildRules = (
			);
			dependencies = (
			);
			fileSystemSynchronizedGroups = (
				18E1C7FF2E8E793E00BE8A11 /* VivaDictaWidget */,
			);
			name = VivaDictaWidgetExtension;
			packageProductDependencies = (
			);
			productName = VivaDictaWidgetExtension;
			productReference = 18E1C7FA2E8E793E00BE8A11 /* VivaDictaWidgetExtension.appex */;
			productType = "com.apple.product-type.app-extension";
		};
/* End PBXNativeTarget section */

/* Begin PBXProject section */
		181D04CF2E3E55E400D357A6 /* Project object */ = {
			isa = PBXProject;
			attributes = {
				BuildIndependentTargetsInParallel = 1;
				LastSwiftUpdateCheck = 2600;
				LastUpgradeCheck = 2600;
				TargetAttributes = {
					181D04D62E3E55E400D357A6 = {
						CreatedOnToolsVersion = 26.0;
					};
					18351E562E634FF000944940 = {
						CreatedOnToolsVersion = 26.0;
						TestTargetID = 181D04D62E3E55E400D357A6;
					};
					18E1B49D2E8C6FF400BE8A11 = {
						CreatedOnToolsVersion = 26.0.1;
					};
					18E1C7F92E8E793E00BE8A11 = {
						CreatedOnToolsVersion = 26.0.1;
					};
				};
			};
			buildConfigurationList = 181D04D22E3E55E400D357A6 /* Build configuration list for PBXProject "VivaDicta" */;
			developmentRegion = en;
			hasScannedForEncodings = 0;
			knownRegions = (
				en,
				Base,
			);
			mainGroup = 181D04CE2E3E55E400D357A6;
			minimizedProjectReferenceProxies = 1;
			packageReferences = (
				181D0CFF2E42355600D357A6 /* XCRemoteSwiftPackageReference "SiriWaveView" */,
				18E328F52E894C3D0026327D /* XCRemoteSwiftPackageReference "WhisperKit" */,
				18E1B4AB2E8C875000BE8A11 /* XCRemoteSwiftPackageReference "KeyboardKit" */,
				18EBD6B12ED1FBFB00C0041E /* XCRemoteSwiftPackageReference "FluidAudio" */,
			);
			preferredProjectObjectVersion = 77;
			productRefGroup = 181D04D82E3E55E400D357A6 /* Products */;
			projectDirPath = "";
			projectRoot = "";
			targets = (
				181D04D62E3E55E400D357A6 /* VivaDicta */,
				18351E562E634FF000944940 /* VivaDictaTests */,
				18E1B49D2E8C6FF400BE8A11 /* VivaDictaKeyboard */,
				18E1C7F92E8E793E00BE8A11 /* VivaDictaWidgetExtension */,
			);
		};
/* End PBXProject section */

/* Begin PBXResourcesBuildPhase section */
		181D04D52E3E55E400D357A6 /* Resources */ = {
			isa = PBXResourcesBuildPhase;
			buildActionMask = 2147483647;
			files = (
			);
			runOnlyForDeploymentPostprocessing = 0;
		};
		18351E552E634FF000944940 /* Resources */ = {
			isa = PBXResourcesBuildPhase;
			buildActionMask = 2147483647;
			files = (
			);
			runOnlyForDeploymentPostprocessing = 0;
		};
		18E1B49C2E8C6FF400BE8A11 /* Resources */ = {
			isa = PBXResourcesBuildPhase;
			buildActionMask = 2147483647;
			files = (
			);
			runOnlyForDeploymentPostprocessing = 0;
		};
		18E1C7F82E8E793E00BE8A11 /* Resources */ = {
			isa = PBXResourcesBuildPhase;
			buildActionMask = 2147483647;
			files = (
			);
			runOnlyForDeploymentPostprocessing = 0;
		};
/* End PBXResourcesBuildPhase section */

/* Begin PBXSourcesBuildPhase section */
		181D04D32E3E55E400D357A6 /* Sources */ = {
			isa = PBXSourcesBuildPhase;
			buildActionMask = 2147483647;
			files = (
			);
			runOnlyForDeploymentPostprocessing = 0;
		};
		18351E532E634FF000944940 /* Sources */ = {
			isa = PBXSourcesBuildPhase;
			buildActionMask = 2147483647;
			files = (
			);
			runOnlyForDeploymentPostprocessing = 0;
		};
		18E1B49A2E8C6FF400BE8A11 /* Sources */ = {
			isa = PBXSourcesBuildPhase;
			buildActionMask = 2147483647;
			files = (
			);
			runOnlyForDeploymentPostprocessing = 0;
		};
		18E1C7F62E8E793E00BE8A11 /* Sources */ = {
			isa = PBXSourcesBuildPhase;
			buildActionMask = 2147483647;
			files = (
			);
			runOnlyForDeploymentPostprocessing = 0;
		};
/* End PBXSourcesBuildPhase section */

/* Begin PBXTargetDependency section */
		18351E5C2E634FF000944940 /* PBXTargetDependency */ = {
			isa = PBXTargetDependency;
			target = 181D04D62E3E55E400D357A6 /* VivaDicta */;
			targetProxy = 18351E5B2E634FF000944940 /* PBXContainerItemProxy */;
		};
		18E1B4A42E8C6FF400BE8A11 /* PBXTargetDependency */ = {
			isa = PBXTargetDependency;
			target = 18E1B49D2E8C6FF400BE8A11 /* VivaDictaKeyboard */;
			targetProxy = 18E1B4A32E8C6FF400BE8A11 /* PBXContainerItemProxy */;
		};
		18E1C80E2E8E793F00BE8A11 /* PBXTargetDependency */ = {
			isa = PBXTargetDependency;
			target = 18E1C7F92E8E793E00BE8A11 /* VivaDictaWidgetExtension */;
			targetProxy = 18E1C80D2E8E793F00BE8A11 /* PBXContainerItemProxy */;
		};
/* End PBXTargetDependency section */

/* Begin XCBuildConfiguration section */
		181D04E02E3E55E500D357A6 /* Debug */ = {
			isa = XCBuildConfiguration;
			buildSettings = {
				ALWAYS_SEARCH_USER_PATHS = NO;
				ASSETCATALOG_COMPILER_GENERATE_SWIFT_ASSET_SYMBOL_EXTENSIONS = YES;
				CLANG_ANALYZER_NONNULL = YES;
				CLANG_ANALYZER_NUMBER_OBJECT_CONVERSION = YES_AGGRESSIVE;
				CLANG_CXX_LANGUAGE_STANDARD = "gnu++20";
				CLANG_ENABLE_MODULES = YES;
				CLANG_ENABLE_OBJC_ARC = YES;
				CLANG_ENABLE_OBJC_WEAK = YES;
				CLANG_WARN_BLOCK_CAPTURE_AUTORELEASING = YES;
				CLANG_WARN_BOOL_CONVERSION = YES;
				CLANG_WARN_COMMA = YES;
				CLANG_WARN_CONSTANT_CONVERSION = YES;
				CLANG_WARN_DEPRECATED_OBJC_IMPLEMENTATIONS = YES;
				CLANG_WARN_DIRECT_OBJC_ISA_USAGE = YES_ERROR;
				CLANG_WARN_DOCUMENTATION_COMMENTS = YES;
				CLANG_WARN_EMPTY_BODY = YES;
				CLANG_WARN_ENUM_CONVERSION = YES;
				CLANG_WARN_INFINITE_RECURSION = YES;
				CLANG_WARN_INT_CONVERSION = YES;
				CLANG_WARN_NON_LITERAL_NULL_CONVERSION = YES;
				CLANG_WARN_OBJC_IMPLICIT_RETAIN_SELF = YES;
				CLANG_WARN_OBJC_LITERAL_CONVERSION = YES;
				CLANG_WARN_OBJC_ROOT_CLASS = YES_ERROR;
				CLANG_WARN_QUOTED_INCLUDE_IN_FRAMEWORK_HEADER = YES;
				CLANG_WARN_RANGE_LOOP_ANALYSIS = YES;
				CLANG_WARN_STRICT_PROTOTYPES = YES;
				CLANG_WARN_SUSPICIOUS_MOVE = YES;
				CLANG_WARN_UNGUARDED_AVAILABILITY = YES_AGGRESSIVE;
				CLANG_WARN_UNREACHABLE_CODE = YES;
				CLANG_WARN__DUPLICATE_METHOD_MATCH = YES;
				COPY_PHASE_STRIP = NO;
				DEBUG_INFORMATION_FORMAT = dwarf;
				DEVELOPMENT_TEAM = TDX2FNZ56U;
				ENABLE_STRICT_OBJC_MSGSEND = YES;
				ENABLE_TESTABILITY = YES;
				ENABLE_USER_SCRIPT_SANDBOXING = YES;
				GCC_C_LANGUAGE_STANDARD = gnu17;
				GCC_DYNAMIC_NO_PIC = NO;
				GCC_NO_COMMON_BLOCKS = YES;
				GCC_OPTIMIZATION_LEVEL = 0;
				GCC_PREPROCESSOR_DEFINITIONS = (
					"DEBUG=1",
					"$(inherited)",
				);
				GCC_WARN_64_TO_32_BIT_CONVERSION = YES;
				GCC_WARN_ABOUT_RETURN_TYPE = YES_ERROR;
				GCC_WARN_UNDECLARED_SELECTOR = YES;
				GCC_WARN_UNINITIALIZED_AUTOS = YES_AGGRESSIVE;
				GCC_WARN_UNUSED_FUNCTION = YES;
				GCC_WARN_UNUSED_VARIABLE = YES;
				IPHONEOS_DEPLOYMENT_TARGET = 26.0;
				LOCALIZATION_PREFERS_STRING_CATALOGS = YES;
				MTL_ENABLE_DEBUG_INFO = INCLUDE_SOURCE;
				MTL_FAST_MATH = YES;
				ONLY_ACTIVE_ARCH = YES;
				SDKROOT = iphoneos;
				SWIFT_ACTIVE_COMPILATION_CONDITIONS = "DEBUG $(inherited)";
				SWIFT_APPROACHABLE_CONCURRENCY = YES;
				SWIFT_DEFAULT_ACTOR_ISOLATION = MainActor;
				SWIFT_OPTIMIZATION_LEVEL = "-Onone";
				SWIFT_VERSION = 6.0;
			};
			name = Debug;
		};
		181D04E12E3E55E500D357A6 /* Release */ = {
			isa = XCBuildConfiguration;
			buildSettings = {
				ALWAYS_SEARCH_USER_PATHS = NO;
				ASSETCATALOG_COMPILER_GENERATE_SWIFT_ASSET_SYMBOL_EXTENSIONS = YES;
				CLANG_ANALYZER_NONNULL = YES;
				CLANG_ANALYZER_NUMBER_OBJECT_CONVERSION = YES_AGGRESSIVE;
				CLANG_CXX_LANGUAGE_STANDARD = "gnu++20";
				CLANG_ENABLE_MODULES = YES;
				CLANG_ENABLE_OBJC_ARC = YES;
				CLANG_ENABLE_OBJC_WEAK = YES;
				CLANG_WARN_BLOCK_CAPTURE_AUTORELEASING = YES;
				CLANG_WARN_BOOL_CONVERSION = YES;
				CLANG_WARN_COMMA = YES;
				CLANG_WARN_CONSTANT_CONVERSION = YES;
				CLANG_WARN_DEPRECATED_OBJC_IMPLEMENTATIONS = YES;
				CLANG_WARN_DIRECT_OBJC_ISA_USAGE = YES_ERROR;
				CLANG_WARN_DOCUMENTATION_COMMENTS = YES;
				CLANG_WARN_EMPTY_BODY = YES;
				CLANG_WARN_ENUM_CONVERSION = YES;
				CLANG_WARN_INFINITE_RECURSION = YES;
				CLANG_WARN_INT_CONVERSION = YES;
				CLANG_WARN_NON_LITERAL_NULL_CONVERSION = YES;
				CLANG_WARN_OBJC_IMPLICIT_RETAIN_SELF = YES;
				CLANG_WARN_OBJC_LITERAL_CONVERSION = YES;
				CLANG_WARN_OBJC_ROOT_CLASS = YES_ERROR;
				CLANG_WARN_QUOTED_INCLUDE_IN_FRAMEWORK_HEADER = YES;
				CLANG_WARN_RANGE_LOOP_ANALYSIS = YES;
				CLANG_WARN_STRICT_PROTOTYPES = YES;
				CLANG_WARN_SUSPICIOUS_MOVE = YES;
				CLANG_WARN_UNGUARDED_AVAILABILITY = YES_AGGRESSIVE;
				CLANG_WARN_UNREACHABLE_CODE = YES;
				CLANG_WARN__DUPLICATE_METHOD_MATCH = YES;
				COPY_PHASE_STRIP = NO;
				DEBUG_INFORMATION_FORMAT = "dwarf-with-dsym";
				DEVELOPMENT_TEAM = TDX2FNZ56U;
				ENABLE_NS_ASSERTIONS = NO;
				ENABLE_STRICT_OBJC_MSGSEND = YES;
				ENABLE_USER_SCRIPT_SANDBOXING = YES;
				GCC_C_LANGUAGE_STANDARD = gnu17;
				GCC_NO_COMMON_BLOCKS = YES;
				GCC_WARN_64_TO_32_BIT_CONVERSION = YES;
				GCC_WARN_ABOUT_RETURN_TYPE = YES_ERROR;
				GCC_WARN_UNDECLARED_SELECTOR = YES;
				GCC_WARN_UNINITIALIZED_AUTOS = YES_AGGRESSIVE;
				GCC_WARN_UNUSED_FUNCTION = YES;
				GCC_WARN_UNUSED_VARIABLE = YES;
				IPHONEOS_DEPLOYMENT_TARGET = 26.0;
				LOCALIZATION_PREFERS_STRING_CATALOGS = YES;
				MTL_ENABLE_DEBUG_INFO = NO;
				MTL_FAST_MATH = YES;
				SDKROOT = iphoneos;
				SWIFT_APPROACHABLE_CONCURRENCY = YES;
				SWIFT_COMPILATION_MODE = wholemodule;
				SWIFT_DEFAULT_ACTOR_ISOLATION = MainActor;
				SWIFT_VERSION = 6.0;
				VALIDATE_PRODUCT = YES;
			};
			name = Release;
		};
		181D04E32E3E55E500D357A6 /* Debug */ = {
			isa = XCBuildConfiguration;
			buildSettings = {
				ASSETCATALOG_COMPILER_APPICON_NAME = AppIcon;
				ASSETCATALOG_COMPILER_GLOBAL_ACCENT_COLOR_NAME = AccentColor;
				CODE_SIGN_ENTITLEMENTS = VivaDicta/VivaDicta.entitlements;
				CODE_SIGN_STYLE = Automatic;
				CURRENT_PROJECT_VERSION = 1;
				DEVELOPMENT_TEAM = 358V8FBM3U;
				ENABLE_PREVIEWS = YES;
				GENERATE_INFOPLIST_FILE = YES;
				INFOPLIST_FILE = VivaDicta/Info.plist;
				INFOPLIST_KEY_NSMicrophoneUsageDescription = "Need to record your voice note";
				INFOPLIST_KEY_NSSupportsLiveActivities = YES;
				INFOPLIST_KEY_UIApplicationSceneManifest_Generation = YES;
				INFOPLIST_KEY_UIApplicationSupportsIndirectInputEvents = YES;
				INFOPLIST_KEY_UILaunchScreen_Generation = YES;
				INFOPLIST_KEY_UISupportedInterfaceOrientations_iPad = "UIInterfaceOrientationPortrait UIInterfaceOrientationPortraitUpsideDown UIInterfaceOrientationLandscapeLeft UIInterfaceOrientationLandscapeRight";
				INFOPLIST_KEY_UISupportedInterfaceOrientations_iPhone = "UIInterfaceOrientationPortrait UIInterfaceOrientationLandscapeLeft UIInterfaceOrientationLandscapeRight";
				IPHONEOS_DEPLOYMENT_TARGET = 18.0;
				LD_RUNPATH_SEARCH_PATHS = (
					"$(inherited)",
					"@executable_path/Frameworks",
				);
				MARKETING_VERSION = 1.0;
				PRODUCT_BUNDLE_IDENTIFIER = com.antonnovoselov.VivaDicta;
				PRODUCT_NAME = "$(TARGET_NAME)";
				STRING_CATALOG_GENERATE_SYMBOLS = YES;
				SWIFT_APPROACHABLE_CONCURRENCY = YES;
				SWIFT_DEFAULT_ACTOR_ISOLATION = MainActor;
				SWIFT_EMIT_LOC_STRINGS = YES;
				SWIFT_UPCOMING_FEATURE_EXISTENTIAL_ANY = YES;
				SWIFT_UPCOMING_FEATURE_MEMBER_IMPORT_VISIBILITY = YES;
				SWIFT_VERSION = 6.0;
				TARGETED_DEVICE_FAMILY = "1,2";
			};
			name = Debug;
		};
		181D04E42E3E55E500D357A6 /* Release */ = {
			isa = XCBuildConfiguration;
			buildSettings = {
				ASSETCATALOG_COMPILER_APPICON_NAME = AppIcon;
				ASSETCATALOG_COMPILER_GLOBAL_ACCENT_COLOR_NAME = AccentColor;
				CODE_SIGN_ENTITLEMENTS = VivaDicta/VivaDicta.entitlements;
				CODE_SIGN_STYLE = Automatic;
				CURRENT_PROJECT_VERSION = 1;
				DEVELOPMENT_TEAM = 358V8FBM3U;
				ENABLE_PREVIEWS = YES;
				GENERATE_INFOPLIST_FILE = YES;
				INFOPLIST_FILE = VivaDicta/Info.plist;
				INFOPLIST_KEY_NSMicrophoneUsageDescription = "Need to record your voice note";
				INFOPLIST_KEY_NSSupportsLiveActivities = YES;
				INFOPLIST_KEY_UIApplicationSceneManifest_Generation = YES;
				INFOPLIST_KEY_UIApplicationSupportsIndirectInputEvents = YES;
				INFOPLIST_KEY_UILaunchScreen_Generation = YES;
				INFOPLIST_KEY_UISupportedInterfaceOrientations_iPad = "UIInterfaceOrientationPortrait UIInterfaceOrientationPortraitUpsideDown UIInterfaceOrientationLandscapeLeft UIInterfaceOrientationLandscapeRight";
				INFOPLIST_KEY_UISupportedInterfaceOrientations_iPhone = "UIInterfaceOrientationPortrait UIInterfaceOrientationLandscapeLeft UIInterfaceOrientationLandscapeRight";
				IPHONEOS_DEPLOYMENT_TARGET = 18.0;
				LD_RUNPATH_SEARCH_PATHS = (
					"$(inherited)",
					"@executable_path/Frameworks",
				);
				MARKETING_VERSION = 1.0;
				PRODUCT_BUNDLE_IDENTIFIER = com.antonnovoselov.VivaDicta;
				PRODUCT_NAME = "$(TARGET_NAME)";
				STRING_CATALOG_GENERATE_SYMBOLS = YES;
				SWIFT_APPROACHABLE_CONCURRENCY = YES;
				SWIFT_DEFAULT_ACTOR_ISOLATION = MainActor;
				SWIFT_EMIT_LOC_STRINGS = YES;
				SWIFT_UPCOMING_FEATURE_EXISTENTIAL_ANY = YES;
				SWIFT_UPCOMING_FEATURE_MEMBER_IMPORT_VISIBILITY = YES;
				SWIFT_VERSION = 6.0;
				TARGETED_DEVICE_FAMILY = "1,2";
			};
			name = Release;
		};
		18351E5D2E634FF000944940 /* Debug */ = {
			isa = XCBuildConfiguration;
			buildSettings = {
				BUNDLE_LOADER = "$(TEST_HOST)";
				CODE_SIGN_STYLE = Automatic;
				CURRENT_PROJECT_VERSION = 1;
				DEVELOPMENT_TEAM = 358V8FBM3U;
				GENERATE_INFOPLIST_FILE = YES;
				IPHONEOS_DEPLOYMENT_TARGET = 18.0;
				MARKETING_VERSION = 1.0;
				PRODUCT_BUNDLE_IDENTIFIER = com.antonnovoselov.VivaDictaTests;
				PRODUCT_NAME = "$(TARGET_NAME)";
				STRING_CATALOG_GENERATE_SYMBOLS = NO;
				SWIFT_APPROACHABLE_CONCURRENCY = YES;
				SWIFT_DEFAULT_ACTOR_ISOLATION = MainActor;
				SWIFT_EMIT_LOC_STRINGS = NO;
				SWIFT_STRICT_CONCURRENCY = complete;
				SWIFT_UPCOMING_FEATURE_GLOBAL_CONCURRENCY = YES;
				SWIFT_UPCOMING_FEATURE_MEMBER_IMPORT_VISIBILITY = YES;
				SWIFT_UPCOMING_FEATURE_REGION_BASED_ISOLATION = YES;
				SWIFT_VERSION = 6.0;
				TARGETED_DEVICE_FAMILY = "1,2";
				TEST_HOST = "$(BUILT_PRODUCTS_DIR)/VivaDicta.app/$(BUNDLE_EXECUTABLE_FOLDER_PATH)/VivaDicta";
			};
			name = Debug;
		};
		18351E5E2E634FF000944940 /* Release */ = {
			isa = XCBuildConfiguration;
			buildSettings = {
				BUNDLE_LOADER = "$(TEST_HOST)";
				CODE_SIGN_STYLE = Automatic;
				CURRENT_PROJECT_VERSION = 1;
				DEVELOPMENT_TEAM = 358V8FBM3U;
				GENERATE_INFOPLIST_FILE = YES;
				IPHONEOS_DEPLOYMENT_TARGET = 18.0;
				MARKETING_VERSION = 1.0;
				PRODUCT_BUNDLE_IDENTIFIER = com.antonnovoselov.VivaDictaTests;
				PRODUCT_NAME = "$(TARGET_NAME)";
				STRING_CATALOG_GENERATE_SYMBOLS = NO;
				SWIFT_APPROACHABLE_CONCURRENCY = YES;
				SWIFT_DEFAULT_ACTOR_ISOLATION = MainActor;
				SWIFT_EMIT_LOC_STRINGS = NO;
				SWIFT_STRICT_CONCURRENCY = complete;
				SWIFT_UPCOMING_FEATURE_GLOBAL_CONCURRENCY = YES;
				SWIFT_UPCOMING_FEATURE_MEMBER_IMPORT_VISIBILITY = YES;
				SWIFT_UPCOMING_FEATURE_REGION_BASED_ISOLATION = YES;
				SWIFT_VERSION = 6.0;
				TARGETED_DEVICE_FAMILY = "1,2";
				TEST_HOST = "$(BUILT_PRODUCTS_DIR)/VivaDicta.app/$(BUNDLE_EXECUTABLE_FOLDER_PATH)/VivaDicta";
			};
			name = Release;
		};
		18E1B4A82E8C6FF400BE8A11 /* Debug */ = {
			isa = XCBuildConfiguration;
			buildSettings = {
				CODE_SIGN_ENTITLEMENTS = VivaDictaKeyboard/VivaDictaKeyboard.entitlements;
				CODE_SIGN_STYLE = Automatic;
				CURRENT_PROJECT_VERSION = 1;
				DEVELOPMENT_TEAM = 358V8FBM3U;
				GENERATE_INFOPLIST_FILE = YES;
				INFOPLIST_FILE = VivaDictaKeyboard/Info.plist;
				INFOPLIST_KEY_CFBundleDisplayName = VivaDictaKeyboard;
				INFOPLIST_KEY_NSHumanReadableCopyright = "";
				IPHONEOS_DEPLOYMENT_TARGET = 18.0;
				LD_RUNPATH_SEARCH_PATHS = (
					"$(inherited)",
					"@executable_path/Frameworks",
					"@executable_path/../../Frameworks",
				);
				MARKETING_VERSION = 1.0;
				PRODUCT_BUNDLE_IDENTIFIER = com.antonnovoselov.VivaDicta.VivaDictaKeyboard;
				PRODUCT_NAME = "$(TARGET_NAME)";
				SKIP_INSTALL = YES;
				STRING_CATALOG_GENERATE_SYMBOLS = YES;
				SWIFT_APPROACHABLE_CONCURRENCY = YES;
				SWIFT_DEFAULT_ACTOR_ISOLATION = MainActor;
				SWIFT_EMIT_LOC_STRINGS = YES;
				SWIFT_UPCOMING_FEATURE_MEMBER_IMPORT_VISIBILITY = YES;
				SWIFT_VERSION = 6.0;
				TARGETED_DEVICE_FAMILY = "1,2";
			};
			name = Debug;
		};
		18E1B4A92E8C6FF400BE8A11 /* Release */ = {
			isa = XCBuildConfiguration;
			buildSettings = {
				CODE_SIGN_ENTITLEMENTS = VivaDictaKeyboard/VivaDictaKeyboard.entitlements;
				CODE_SIGN_STYLE = Automatic;
				CURRENT_PROJECT_VERSION = 1;
				DEVELOPMENT_TEAM = 358V8FBM3U;
				GENERATE_INFOPLIST_FILE = YES;
				INFOPLIST_FILE = VivaDictaKeyboard/Info.plist;
				INFOPLIST_KEY_CFBundleDisplayName = VivaDictaKeyboard;
				INFOPLIST_KEY_NSHumanReadableCopyright = "";
				IPHONEOS_DEPLOYMENT_TARGET = 18.0;
				LD_RUNPATH_SEARCH_PATHS = (
					"$(inherited)",
					"@executable_path/Frameworks",
					"@executable_path/../../Frameworks",
				);
				MARKETING_VERSION = 1.0;
				PRODUCT_BUNDLE_IDENTIFIER = com.antonnovoselov.VivaDicta.VivaDictaKeyboard;
				PRODUCT_NAME = "$(TARGET_NAME)";
				SKIP_INSTALL = YES;
				STRING_CATALOG_GENERATE_SYMBOLS = YES;
				SWIFT_APPROACHABLE_CONCURRENCY = YES;
				SWIFT_DEFAULT_ACTOR_ISOLATION = MainActor;
				SWIFT_EMIT_LOC_STRINGS = YES;
				SWIFT_UPCOMING_FEATURE_MEMBER_IMPORT_VISIBILITY = YES;
				SWIFT_VERSION = 6.0;
				TARGETED_DEVICE_FAMILY = "1,2";
			};
			name = Release;
		};
		18E1C8112E8E793F00BE8A11 /* Debug */ = {
			isa = XCBuildConfiguration;
			buildSettings = {
				ASSETCATALOG_COMPILER_GLOBAL_ACCENT_COLOR_NAME = AccentColor;
				ASSETCATALOG_COMPILER_WIDGET_BACKGROUND_COLOR_NAME = WidgetBackground;
				CODE_SIGN_STYLE = Automatic;
				CURRENT_PROJECT_VERSION = 1;
				DEVELOPMENT_TEAM = 358V8FBM3U;
				GENERATE_INFOPLIST_FILE = YES;
				INFOPLIST_FILE = VivaDictaWidget/Info.plist;
				INFOPLIST_KEY_CFBundleDisplayName = VivaDictaWidget;
				INFOPLIST_KEY_NSHumanReadableCopyright = "";
				IPHONEOS_DEPLOYMENT_TARGET = 18.0;
				LD_RUNPATH_SEARCH_PATHS = (
					"$(inherited)",
					"@executable_path/Frameworks",
					"@executable_path/../../Frameworks",
				);
				MARKETING_VERSION = 1.0;
				PRODUCT_BUNDLE_IDENTIFIER = com.antonnovoselov.VivaDicta.VivaDictaWidget;
				PRODUCT_NAME = "$(TARGET_NAME)";
				SKIP_INSTALL = YES;
				STRING_CATALOG_GENERATE_SYMBOLS = YES;
				SWIFT_APPROACHABLE_CONCURRENCY = YES;
				SWIFT_DEFAULT_ACTOR_ISOLATION = MainActor;
				SWIFT_EMIT_LOC_STRINGS = YES;
				SWIFT_STRICT_CONCURRENCY = complete;
				SWIFT_UPCOMING_FEATURE_DYNAMIC_ACTOR_ISOLATION = YES;
				SWIFT_UPCOMING_FEATURE_MEMBER_IMPORT_VISIBILITY = YES;
				SWIFT_UPCOMING_FEATURE_REGION_BASED_ISOLATION = YES;
				SWIFT_VERSION = 5.0;
				TARGETED_DEVICE_FAMILY = "1,2";
			};
			name = Debug;
		};
		18E1C8122E8E793F00BE8A11 /* Release */ = {
			isa = XCBuildConfiguration;
			buildSettings = {
				ASSETCATALOG_COMPILER_GLOBAL_ACCENT_COLOR_NAME = AccentColor;
				ASSETCATALOG_COMPILER_WIDGET_BACKGROUND_COLOR_NAME = WidgetBackground;
				CODE_SIGN_STYLE = Automatic;
				CURRENT_PROJECT_VERSION = 1;
				DEVELOPMENT_TEAM = 358V8FBM3U;
				GENERATE_INFOPLIST_FILE = YES;
				INFOPLIST_FILE = VivaDictaWidget/Info.plist;
				INFOPLIST_KEY_CFBundleDisplayName = VivaDictaWidget;
				INFOPLIST_KEY_NSHumanReadableCopyright = "";
				IPHONEOS_DEPLOYMENT_TARGET = 18.0;
				LD_RUNPATH_SEARCH_PATHS = (
					"$(inherited)",
					"@executable_path/Frameworks",
					"@executable_path/../../Frameworks",
				);
				MARKETING_VERSION = 1.0;
				PRODUCT_BUNDLE_IDENTIFIER = com.antonnovoselov.VivaDicta.VivaDictaWidget;
				PRODUCT_NAME = "$(TARGET_NAME)";
				SKIP_INSTALL = YES;
				STRING_CATALOG_GENERATE_SYMBOLS = YES;
				SWIFT_APPROACHABLE_CONCURRENCY = YES;
				SWIFT_DEFAULT_ACTOR_ISOLATION = MainActor;
				SWIFT_EMIT_LOC_STRINGS = YES;
				SWIFT_STRICT_CONCURRENCY = complete;
				SWIFT_UPCOMING_FEATURE_DYNAMIC_ACTOR_ISOLATION = YES;
				SWIFT_UPCOMING_FEATURE_MEMBER_IMPORT_VISIBILITY = YES;
				SWIFT_UPCOMING_FEATURE_REGION_BASED_ISOLATION = YES;
				SWIFT_VERSION = 5.0;
				TARGETED_DEVICE_FAMILY = "1,2";
			};
			name = Release;
		};
/* End XCBuildConfiguration section */

/* Begin XCConfigurationList section */
		181D04D22E3E55E400D357A6 /* Build configuration list for PBXProject "VivaDicta" */ = {
			isa = XCConfigurationList;
			buildConfigurations = (
				181D04E02E3E55E500D357A6 /* Debug */,
				181D04E12E3E55E500D357A6 /* Release */,
			);
			defaultConfigurationIsVisible = 0;
			defaultConfigurationName = Release;
		};
		181D04E22E3E55E500D357A6 /* Build configuration list for PBXNativeTarget "VivaDicta" */ = {
			isa = XCConfigurationList;
			buildConfigurations = (
				181D04E32E3E55E500D357A6 /* Debug */,
				181D04E42E3E55E500D357A6 /* Release */,
			);
			defaultConfigurationIsVisible = 0;
			defaultConfigurationName = Release;
		};
		18351E5F2E634FF000944940 /* Build configuration list for PBXNativeTarget "VivaDictaTests" */ = {
			isa = XCConfigurationList;
			buildConfigurations = (
				18351E5D2E634FF000944940 /* Debug */,
				18351E5E2E634FF000944940 /* Release */,
			);
			defaultConfigurationIsVisible = 0;
			defaultConfigurationName = Release;
		};
		18E1B4A72E8C6FF400BE8A11 /* Build configuration list for PBXNativeTarget "VivaDictaKeyboard" */ = {
			isa = XCConfigurationList;
			buildConfigurations = (
				18E1B4A82E8C6FF400BE8A11 /* Debug */,
				18E1B4A92E8C6FF400BE8A11 /* Release */,
			);
			defaultConfigurationIsVisible = 0;
			defaultConfigurationName = Release;
		};
		18E1C8102E8E793F00BE8A11 /* Build configuration list for PBXNativeTarget "VivaDictaWidgetExtension" */ = {
			isa = XCConfigurationList;
			buildConfigurations = (
				18E1C8112E8E793F00BE8A11 /* Debug */,
				18E1C8122E8E793F00BE8A11 /* Release */,
			);
			defaultConfigurationIsVisible = 0;
			defaultConfigurationName = Release;
		};
/* End XCConfigurationList section */

/* Begin XCRemoteSwiftPackageReference section */
		181D0CFF2E42355600D357A6 /* XCRemoteSwiftPackageReference "SiriWaveView" */ = {
			isa = XCRemoteSwiftPackageReference;
			repositoryURL = "https://github.com/alfianlosari/SiriWaveView";
			requirement = {
				kind = exactVersion;
				version = 1.1.0;
			};
		};
		18E1B4AB2E8C875000BE8A11 /* XCRemoteSwiftPackageReference "KeyboardKit" */ = {
			isa = XCRemoteSwiftPackageReference;
			repositoryURL = "https://github.com/KeyboardKit/KeyboardKit.git";
			requirement = {
				kind = exactVersion;
				version = 10.1.2;
			};
		};
		18E328F52E894C3D0026327D /* XCRemoteSwiftPackageReference "WhisperKit" */ = {
			isa = XCRemoteSwiftPackageReference;
			repositoryURL = "https://github.com/argmaxinc/WhisperKit.git";
			requirement = {
				kind = exactVersion;
				version = 0.14.1;
			};
		};
		18EBD6B12ED1FBFB00C0041E /* XCRemoteSwiftPackageReference "FluidAudio" */ = {
			isa = XCRemoteSwiftPackageReference;
			repositoryURL = "https://github.com/FluidInference/FluidAudio";
			requirement = {
				kind = exactVersion;
				version = 0.7.9;
			};
		};
/* End XCRemoteSwiftPackageReference section */

/* Begin XCSwiftPackageProductDependency section */
		181D0D002E42355600D357A6 /* SiriWaveView */ = {
			isa = XCSwiftPackageProductDependency;
			package = 181D0CFF2E42355600D357A6 /* XCRemoteSwiftPackageReference "SiriWaveView" */;
			productName = SiriWaveView;
		};
		186E2F912EA690DF00B19EDF /* SiriWaveView */ = {
			isa = XCSwiftPackageProductDependency;
			package = 181D0CFF2E42355600D357A6 /* XCRemoteSwiftPackageReference "SiriWaveView" */;
			productName = SiriWaveView;
		};
		18E1B4AC2E8C875000BE8A11 /* KeyboardKit */ = {
			isa = XCSwiftPackageProductDependency;
			package = 18E1B4AB2E8C875000BE8A11 /* XCRemoteSwiftPackageReference "KeyboardKit" */;
			productName = KeyboardKit;
		};
		18E1B4AE2E8C875A00BE8A11 /* KeyboardKit */ = {
			isa = XCSwiftPackageProductDependency;
			package = 18E1B4AB2E8C875000BE8A11 /* XCRemoteSwiftPackageReference "KeyboardKit" */;
			productName = KeyboardKit;
		};
		18E328F62E894C3D0026327D /* WhisperKit */ = {
			isa = XCSwiftPackageProductDependency;
			package = 18E328F52E894C3D0026327D /* XCRemoteSwiftPackageReference "WhisperKit" */;
			productName = WhisperKit;
		};
		18EBD6B22ED1FBFB00C0041E /* FluidAudio */ = {
			isa = XCSwiftPackageProductDependency;
			package = 18EBD6B12ED1FBFB00C0041E /* XCRemoteSwiftPackageReference "FluidAudio" */;
			productName = FluidAudio;
		};
		18EBD7982ED1FCC600C0041E /* FluidAudio */ = {
			isa = XCSwiftPackageProductDependency;
			package = 18EBD6B12ED1FBFB00C0041E /* XCRemoteSwiftPackageReference "FluidAudio" */;
			productName = FluidAudio;
		};
/* End XCSwiftPackageProductDependency section */
	};
	rootObject = 181D04CF2E3E55E400D357A6 /* Project object */;
}
